PODS:
  - Crashlytics (3.10.1):
    - Fabric (~> 1.7.5)
  - Fabric (1.7.6)
  - LoadableNib (1.0.1)
  - PromiseKit (6.2.5):
    - PromiseKit/CorePromise (= 6.2.5)
    - PromiseKit/Foundation (= 6.2.5)
    - PromiseKit/UIKit (= 6.2.5)
  - PromiseKit/CorePromise (6.2.5)
  - PromiseKit/Foundation (6.2.5):
    - PromiseKit/CorePromise
  - PromiseKit/UIKit (6.2.5):
    - PromiseKit/CorePromise
  - R.swift (4.0.0):
    - R.swift.Library (~> 4.0.0)
  - R.swift.Library (4.0.0)
  - SkeletonView (1.1.1)
  - SVProgressHUD (2.2.5)

DEPENDENCIES:
  - Crashlytics
  - Fabric
  - LoadableNib (~> 1.0.1)
  - PromiseKit (~> 6.0)
  - R.swift
  - SkeletonView (= 1.1.1)
  - SVProgressHUD (= 2.2.5)

SPEC REPOS:
  https://github.com/CocoaPods/Specs.git:
    - Crashlytics
    - Fabric
    - LoadableNib
    - PromiseKit
    - R.swift
    - R.swift.Library
    - SkeletonView
    - SVProgressHUD

SPEC CHECKSUMS:
  Crashlytics: aee1a064cbbf99b32efa3f056a5f458d846bc8ff
  Fabric: f8d42c893bb187326a7968b62abe55c36a987a46
  LoadableNib: 6e76e8f8287e1de8d3e6505d63ee8424746f0a00
  PromiseKit: a26828b0a8d5874960dfdb575b57a70790ec36f1
  R.swift: d6a5ec2f55a8441dc0ed9f1f8b37d7d11ae85c66
  R.swift.Library: c3af34921024333546e23b70e70d0b4e0cffca75
  SkeletonView: 041053e904504e7d8db83df166e599be75659fe1
  SVProgressHUD: 1428aafac632c1f86f62aa4243ec12008d7a51d6

PODFILE CHECKSUM: 3399485637aab25f701715b5e08579e35802baab

COCOAPODS: 1.5.0
