// !$*UTF8*$!
{
	archiveVersion = 1;
	classes = {
	};
	objectVersion = 50;
	objects = {

/* Begin PBXBuildFile section */
		11E84E0A208CD56C003A8F88 /* MetadataEditTests.swift in Sources */ = {isa = PBXBuildFile; fileRef = 11E84E09208CD56C003A8F88 /* MetadataEditTests.swift */; };
		11E84E5C208CD635003A8F88 /* AppDelegate.swift in Sources */ = {isa = PBXBuildFile; fileRef = 11E84E37208CD635003A8F88 /* AppDelegate.swift */; };
		11E84E62208CD635003A8F88 /* Assets.xcassets in Resources */ = {isa = PBXBuildFile; fileRef = 11E84E3E208CD635003A8F88 /* Assets.xcassets */; };
		5635357F2F39E79200CEE027 /* AppIcon.icon in Resources */ = {isa = PBXBuildFile; fileRef = 5635357E2F39E79200CEE027 /* AppIcon.icon */; };
		563535E92F3B855100CEE027 /* LaunchScreen.storyboard in Resources */ = {isa = PBXBuildFile; fileRef = 563535E82F3B855100CEE027 /* LaunchScreen.storyboard */; };
		56C4919A2F4EDBAC00E5D9FF /* MetaXDebug.storekit in Resources */ = {isa = PBXBuildFile; fileRef = 56C491992F4EDBAC00E5D9FF /* MetaXDebug.storekit */; };
		56C4919E2F4EE5AD00E5D9FF /* TippingManager.swift in Sources */ = {isa = PBXBuildFile; fileRef = 56C4919C2F4EE5AD00E5D9FF /* TippingManager.swift */; };
		56C4919F2F4EE5AD00E5D9FF /* StoreService.swift in Sources */ = {isa = PBXBuildFile; fileRef = 56C4919B2F4EE5AD00E5D9FF /* StoreService.swift */; };
		56C491A12F4EEEE500E5D9FF /* SupportViewModel.swift in Sources */ = {isa = PBXBuildFile; fileRef = 56C491A02F4EEEE500E5D9FF /* SupportViewModel.swift */; };
		56C491A32F4EEEEB00E5D9FF /* SupportViewController.swift in Sources */ = {isa = PBXBuildFile; fileRef = 56C491A22F4EEEEB00E5D9FF /* SupportViewController.swift */; };
		56C491A52F4EFD7A00E5D9FF /* NeoBrutalistPressable.swift in Sources */ = {isa = PBXBuildFile; fileRef = 56C491A42F4EFD7A00E5D9FF /* NeoBrutalistPressable.swift */; };
		56D07E3D2F31000000000030 /* SceneDelegate.swift in Sources */ = {isa = PBXBuildFile; fileRef = 56D07E3C2F31000000000030 /* SceneDelegate.swift */; };
		56D07EA02F37000000000001 /* (null) in Sources */ = {isa = PBXBuildFile; };
		56E6F19D2F42D491002D0CAA /* SaveOptionsViewController.swift in Sources */ = {isa = PBXBuildFile; fileRef = 56E6F16A2F42D491002D0CAA /* SaveOptionsViewController.swift */; };
		56E6F19E2F42D491002D0CAA /* FormTextField.swift in Sources */ = {isa = PBXBuildFile; fileRef = 56E6F1942F42D491002D0CAA /* FormTextField.swift */; };
		56E6F1A02F42D491002D0CAA /* AlbumHeroTableViewCell.swift in Sources */ = {isa = PBXBuildFile; fileRef = 56E6F1502F42D491002D0CAA /* AlbumHeroTableViewCell.swift */; };
		56E6F1A12F42D491002D0CAA /* PhotoLibraryServiceProtocol.swift in Sources */ = {isa = PBXBuildFile; fileRef = 56E6F18C2F42D491002D0CAA /* PhotoLibraryServiceProtocol.swift */; };
		56E6F1A22F42D491002D0CAA /* ViewModelObserving.swift in Sources */ = {isa = PBXBuildFile; fileRef = 56E6F1802F42D491002D0CAA /* ViewModelObserving.swift */; };
		56E6F1A32F42D491002D0CAA /* LocationModel.swift in Sources */ = {isa = PBXBuildFile; fileRef = 56E6F1552F42D491002D0CAA /* LocationModel.swift */; };
		56E6F1A42F42D491002D0CAA /* LocationTableViewCell.swift in Sources */ = {isa = PBXBuildFile; fileRef = 56E6F15B2F42D491002D0CAA /* LocationTableViewCell.swift */; };
		56E6F1A52F42D491002D0CAA /* LocationCardField.swift in Sources */ = {isa = PBXBuildFile; fileRef = 56E6F1592F42D491002D0CAA /* LocationCardField.swift */; };
		56E6F1A72F42D491002D0CAA /* HUD.swift in Sources */ = {isa = PBXBuildFile; fileRef = 56E6F1952F42D491002D0CAA /* HUD.swift */; };
		56E6F1A82F42D491002D0CAA /* PHAssetCollectionExtension.swift in Sources */ = {isa = PBXBuildFile; fileRef = 56E6F1462F42D491002D0CAA /* PHAssetCollectionExtension.swift */; };
		56E6F1A92F42D491002D0CAA /* DetailCellModel.swift in Sources */ = {isa = PBXBuildFile; fileRef = 56E6F15E2F42D491002D0CAA /* DetailCellModel.swift */; };
		56E6F1AA2F42D491002D0CAA /* FormPickerField.swift in Sources */ = {isa = PBXBuildFile; fileRef = 56E6F1932F42D491002D0CAA /* FormPickerField.swift */; };
		56E6F1AB2F42D491002D0CAA /* LocationSearchViewController.swift in Sources */ = {isa = PBXBuildFile; fileRef = 56E6F15A2F42D491002D0CAA /* LocationSearchViewController.swift */; };
		56E6F1AC2F42D491002D0CAA /* Metadata.swift in Sources */ = {isa = PBXBuildFile; fileRef = 56E6F15F2F42D491002D0CAA /* Metadata.swift */; };
		56E6F1AD2F42D491002D0CAA /* MetadataEditViewController.swift in Sources */ = {isa = PBXBuildFile; fileRef = 56E6F1692F42D491002D0CAA /* MetadataEditViewController.swift */; };
		56E6F1AE2F42D491002D0CAA /* DetailInfoViewController.swift in Sources */ = {isa = PBXBuildFile; fileRef = 56E6F1652F42D491002D0CAA /* DetailInfoViewController.swift */; };
		56E6F1AF2F42D491002D0CAA /* AuthLockView.swift in Sources */ = {isa = PBXBuildFile; fileRef = 56E6F1922F42D491002D0CAA /* AuthLockView.swift */; };
		56E6F1B02F42D491002D0CAA /* DetailInfoViewModel.swift in Sources */ = {isa = PBXBuildFile; fileRef = 56E6F1622F42D491002D0CAA /* DetailInfoViewModel.swift */; };
		56E6F1B12F42D491002D0CAA /* MetadataEditViewModel.swift in Sources */ = {isa = PBXBuildFile; fileRef = 56E6F1632F42D491002D0CAA /* MetadataEditViewModel.swift */; };
		56E6F1B22F42D491002D0CAA /* SettingsViewModel.swift in Sources */ = {isa = PBXBuildFile; fileRef = 56E6F1732F42D491002D0CAA /* SettingsViewModel.swift */; };
		56E6F1B32F42D491002D0CAA /* KeyboardObserver.swift in Sources */ = {isa = PBXBuildFile; fileRef = 56E6F1962F42D491002D0CAA /* KeyboardObserver.swift */; };
		56E6F1B42F42D491002D0CAA /* ImageSaveService.swift in Sources */ = {isa = PBXBuildFile; fileRef = 56E6F1872F42D491002D0CAA /* ImageSaveService.swift */; };
		56E6F1B52F42D491002D0CAA /* PhotoFlowCoordinator.swift in Sources */ = {isa = PBXBuildFile; fileRef = 56E6F1442F42D491002D0CAA /* PhotoFlowCoordinator.swift */; };
		56E6F1B62F42D491002D0CAA /* LocationSearchService.swift in Sources */ = {isa = PBXBuildFile; fileRef = 56E6F1842F42D491002D0CAA /* LocationSearchService.swift */; };
		56E6F1B72F42D491002D0CAA /* Alert.swift in Sources */ = {isa = PBXBuildFile; fileRef = 56E6F1912F42D491002D0CAA /* Alert.swift */; };
		56E6F1B82F42D491002D0CAA /* PhotoLibraryService.swift in Sources */ = {isa = PBXBuildFile; fileRef = 56E6F18B2F42D491002D0CAA /* PhotoLibraryService.swift */; };
		56E6F1B92F42D491002D0CAA /* AlbumViewController.swift in Sources */ = {isa = PBXBuildFile; fileRef = 56E6F1522F42D491002D0CAA /* AlbumViewController.swift */; };
		56E6F1BA2F42D491002D0CAA /* PhotoGridViewController.swift in Sources */ = {isa = PBXBuildFile; fileRef = 56E6F1702F42D491002D0CAA /* PhotoGridViewController.swift */; };
		56E6F1BB2F42D491002D0CAA /* PhotoCollectionViewCell.swift in Sources */ = {isa = PBXBuildFile; fileRef = 56E6F16F2F42D491002D0CAA /* PhotoCollectionViewCell.swift */; };
		56E6F1BC2F42D491002D0CAA /* Rational.swift in Sources */ = {isa = PBXBuildFile; fileRef = 56E6F19B2F42D491002D0CAA /* Rational.swift */; };
		56E6F1BD2F42D491002D0CAA /* AlbumStandardTableViewCell.swift in Sources */ = {isa = PBXBuildFile; fileRef = 56E6F1512F42D491002D0CAA /* AlbumStandardTableViewCell.swift */; };
		56E6F1BE2F42D491002D0CAA /* MetadataServiceProtocol.swift in Sources */ = {isa = PBXBuildFile; fileRef = 56E6F1892F42D491002D0CAA /* MetadataServiceProtocol.swift */; };
		56E6F1BF2F42D491002D0CAA /* DetailSectionHeaderView.swift in Sources */ = {isa = PBXBuildFile; fileRef = 56E6F1672F42D491002D0CAA /* DetailSectionHeaderView.swift */; };
		56E6F1C02F42D491002D0CAA /* ZoomTransition.swift in Sources */ = {isa = PBXBuildFile; fileRef = 56E6F1992F42D491002D0CAA /* ZoomTransition.swift */; };
		56E6F1C12F42D491002D0CAA /* AppCoordinator.swift in Sources */ = {isa = PBXBuildFile; fileRef = 56E6F1422F42D491002D0CAA /* AppCoordinator.swift */; };
		56E6F1C22F42D491002D0CAA /* DetailLocationCell.swift in Sources */ = {isa = PBXBuildFile; fileRef = 56E6F1662F42D491002D0CAA /* DetailLocationCell.swift */; };
		56E6F1C42F42D491002D0CAA /* LocationSearchViewModel.swift in Sources */ = {isa = PBXBuildFile; fileRef = 56E6F1572F42D491002D0CAA /* LocationSearchViewModel.swift */; };
		56E6F1C52F42D491002D0CAA /* PhotoGridViewModel.swift in Sources */ = {isa = PBXBuildFile; fileRef = 56E6F16D2F42D491002D0CAA /* PhotoGridViewModel.swift */; };
		56E6F1C62F42D491002D0CAA /* DetailTableViewCell.swift in Sources */ = {isa = PBXBuildFile; fileRef = 56E6F1682F42D491002D0CAA /* DetailTableViewCell.swift */; };
		56E6F1C72F42D491002D0CAA /* UIViewExtension.swift in Sources */ = {isa = PBXBuildFile; fileRef = 56E6F14C2F42D491002D0CAA /* UIViewExtension.swift */; };
		56E6F1C82F42D491002D0CAA /* MetaXError.swift in Sources */ = {isa = PBXBuildFile; fileRef = 56E6F17E2F42D491002D0CAA /* MetaXError.swift */; };
		56E6F1C92F42D491002D0CAA /* PHImageRequestOptionsExtension.swift in Sources */ = {isa = PBXBuildFile; fileRef = 56E6F1472F42D491002D0CAA /* PHImageRequestOptionsExtension.swift */; };
		56E6F1CA2F42D491002D0CAA /* AppConstants.swift in Sources */ = {isa = PBXBuildFile; fileRef = 56E6F17A2F42D491002D0CAA /* AppConstants.swift */; };
		56E6F1CB2F42D491002D0CAA /* StringExtension.swift in Sources */ = {isa = PBXBuildFile; fileRef = 56E6F14B2F42D491002D0CAA /* StringExtension.swift */; };
		56E6F1CC2F42D491002D0CAA /* SettingsTableViewCell.swift in Sources */ = {isa = PBXBuildFile; fileRef = 56E6F1752F42D491002D0CAA /* SettingsTableViewCell.swift */; };
		56E6F1CD2F42D491002D0CAA /* LocationHistoryService.swift in Sources */ = {isa = PBXBuildFile; fileRef = 56E6F1822F42D491002D0CAA /* LocationHistoryService.swift */; };
		56E6F1CE2F42D491002D0CAA /* SettingsService.swift in Sources */ = {isa = PBXBuildFile; fileRef = 56E6F18E2F42D491002D0CAA /* SettingsService.swift */; };
		56E6F1CF2F42D491002D0CAA /* LocationSearchServiceProtocol.swift in Sources */ = {isa = PBXBuildFile; fileRef = 56E6F1852F42D491002D0CAA /* LocationSearchServiceProtocol.swift */; };
		56E6F1D02F42D491002D0CAA /* LocationHistoryServiceProtocol.swift in Sources */ = {isa = PBXBuildFile; fileRef = 56E6F1832F42D491002D0CAA /* LocationHistoryServiceProtocol.swift */; };
		56E6F1D12F42D491002D0CAA /* DependencyContainer.swift in Sources */ = {isa = PBXBuildFile; fileRef = 56E6F17D2F42D491002D0CAA /* DependencyContainer.swift */; };
		56E6F1D22F42D491002D0CAA /* Theme.swift in Sources */ = {isa = PBXBuildFile; fileRef = 56E6F17F2F42D491002D0CAA /* Theme.swift */; };
		56E6F1D32F42D491002D0CAA /* SettingsViewController.swift in Sources */ = {isa = PBXBuildFile; fileRef = 56E6F1762F42D491002D0CAA /* SettingsViewController.swift */; };
		56E6F1D42F42D491002D0CAA /* Coordinator.swift in Sources */ = {isa = PBXBuildFile; fileRef = 56E6F1432F42D491002D0CAA /* Coordinator.swift */; };
		56E6F1D52F42D491002D0CAA /* NeoBrutalistContainerView.swift in Sources */ = {isa = PBXBuildFile; fileRef = 56E6F1972F42D491002D0CAA /* NeoBrutalistContainerView.swift */; };
		56E6F1D62F42D491002D0CAA /* DateFormatterExtension.swift in Sources */ = {isa = PBXBuildFile; fileRef = 56E6F14A2F42D491002D0CAA /* DateFormatterExtension.swift */; };
		56E6F1D82F42D491002D0CAA /* MetadataService.swift in Sources */ = {isa = PBXBuildFile; fileRef = 56E6F1882F42D491002D0CAA /* MetadataService.swift */; };
		56E6F1D92F42D491002D0CAA /* SplashView.swift in Sources */ = {isa = PBXBuildFile; fileRef = 56E6F1982F42D491002D0CAA /* SplashView.swift */; };
		56E6F1DA2F42D491002D0CAA /* MetadataPlus.plist in Resources */ = {isa = PBXBuildFile; fileRef = 56E6F1602F42D491002D0CAA /* MetadataPlus.plist */; };
		56E6F1DC2F42EA73002D0CAA /* SaveOptionsViewModel.swift in Sources */ = {isa = PBXBuildFile; fileRef = 56E6F1DB2F42EA73002D0CAA /* SaveOptionsViewModel.swift */; };
		56E6F1DE2F42F0D9002D0CAA /* LocationSearchViewModelTests.swift in Sources */ = {isa = PBXBuildFile; fileRef = 56E6F1DD2F42F0D9002D0CAA /* LocationSearchViewModelTests.swift */; };
		56E6F1E12F42F0D9002D0CAA /* DetailInfoViewModelTests.swift in Sources */ = {isa = PBXBuildFile; fileRef = 56E6F1E02F42F0D9002D0CAA /* DetailInfoViewModelTests.swift */; };
		56E6F1E22F45B9CA002D0CAA /* OnceGuard.swift in Sources */ = {isa = PBXBuildFile; fileRef = 56E6F1E12F45B9CA002D0CAA /* OnceGuard.swift */; };
		56E6F1E32F42F0D9002D0CAA /* SaveOptionsViewModelTests.swift in Sources */ = {isa = PBXBuildFile; fileRef = 56E6F1E22F42F0D9002D0CAA /* SaveOptionsViewModelTests.swift */; };
		56E6F1E62F45F04E002D0CAA /* PHAssetExtension.swift in Sources */ = {isa = PBXBuildFile; fileRef = 56E6F1E52F45F04E002D0CAA /* PHAssetExtension.swift */; };
		56E6F1EA2F460DEF002D0CAA /* UITableView+Reusable.swift in Sources */ = {isa = PBXBuildFile; fileRef = 56E6F1E82F460DEF002D0CAA /* UITableView+Reusable.swift */; };
		56E6F1EC2F460E2A002D0CAA /* AlbumViewModel.swift in Sources */ = {isa = PBXBuildFile; fileRef = 56E6F1EB2F460E2A002D0CAA /* AlbumViewModel.swift */; };
		56E6F1EE2F49AF49002D0CAA /* Collection+Safe.swift in Sources */ = {isa = PBXBuildFile; fileRef = 56E6F1ED2F49AF49002D0CAA /* Collection+Safe.swift */; };
		56E6F1F02F4B5041002D0CAA /* MetadataEditorModels.swift in Sources */ = {isa = PBXBuildFile; fileRef = 56E6F1EF2F4B5041002D0CAA /* MetadataEditorModels.swift */; };
		56E6F1F52F4C6E68002D0CAA /* sample.dng in Resources */ = {isa = PBXBuildFile; fileRef = 56E6F1F22F4C6E68002D0CAA /* sample.dng */; };
		56E6F1F62F4C6E68002D0CAA /* sample.jpg in Resources */ = {isa = PBXBuildFile; fileRef = 56E6F1F32F4C6E68002D0CAA /* sample.jpg */; };
		56E6F1F72F4C6E68002D0CAA /* sample.png in Resources */ = {isa = PBXBuildFile; fileRef = 56E6F1F42F4C6E68002D0CAA /* sample.png */; };
		56E6F1F92F4C6FAD002D0CAA /* sample.heic in Resources */ = {isa = PBXBuildFile; fileRef = 56E6F1F82F4C6FAD002D0CAA /* sample.heic */; };
		56E6F1FE2F4C7B06002D0CAA /* ImageSaveServiceTests.swift in Sources */ = {isa = PBXBuildFile; fileRef = 56E6F1FC2F4C7B06002D0CAA /* ImageSaveServiceTests.swift */; };
		56E6F1FF2F4C7B06002D0CAA /* MetadataLogicTests.swift in Sources */ = {isa = PBXBuildFile; fileRef = 56E6F1FD2F4C7B06002D0CAA /* MetadataLogicTests.swift */; };
		56EBC81D2F36FD08009AF511 /* Localizable.xcstrings in Resources */ = {isa = PBXBuildFile; fileRef = 56EBC81C2F36FD07009AF511 /* Localizable.xcstrings */; };
		56EBC8212F36FD0D009AF511 /* InfoPlist.xcstrings in Resources */ = {isa = PBXBuildFile; fileRef = 56EBC8202F36FD0D009AF511 /* InfoPlist.xcstrings */; };
		B1A53635B2CA4D0AAB1A8083 /* ExifEnumMappings.json in Resources */ = {isa = PBXBuildFile; fileRef = 646A635100A346878D8DF79D /* ExifEnumMappings.json */; };
/* End PBXBuildFile section */

/* Begin PBXContainerItemProxy section */
		11E84E06208CD56C003A8F88 /* PBXContainerItemProxy */ = {
			isa = PBXContainerItemProxy;
			containerPortal = 11E84DE9208CD56A003A8F88 /* Project object */;
			proxyType = 1;
			remoteGlobalIDString = 11E84DF0208CD56A003A8F88;
			remoteInfo = MetaX;
		};
/* End PBXContainerItemProxy section */

/* Begin PBXFileReference section */
		11E84DF1208CD56A003A8F88 /* MetaX.app */ = {isa = PBXFileReference; explicitFileType = wrapper.application; includeInIndex = 0; path = MetaX.app; sourceTree = BUILT_PRODUCTS_DIR; };
		11E84E00208CD56C003A8F88 /* Info.plist */ = {isa = PBXFileReference; lastKnownFileType = text.plist.xml; path = Info.plist; sourceTree = "<group>"; };
		11E84E05208CD56C003A8F88 /* MetaXTests.xctest */ = {isa = PBXFileReference; explicitFileType = wrapper.cfbundle; includeInIndex = 0; path = MetaXTests.xctest; sourceTree = BUILT_PRODUCTS_DIR; };
		11E84E09208CD56C003A8F88 /* MetadataEditTests.swift */ = {isa = PBXFileReference; lastKnownFileType = sourcecode.swift; path = MetadataEditTests.swift; sourceTree = "<group>"; };
		11E84E0B208CD56C003A8F88 /* Info.plist */ = {isa = PBXFileReference; lastKnownFileType = text.plist.xml; path = Info.plist; sourceTree = "<group>"; };
		11E84E37208CD635003A8F88 /* AppDelegate.swift */ = {isa = PBXFileReference; fileEncoding = 4; lastKnownFileType = sourcecode.swift; path = AppDelegate.swift; sourceTree = "<group>"; };
		11E84E3E208CD635003A8F88 /* Assets.xcassets */ = {isa = PBXFileReference; lastKnownFileType = folder.assetcatalog; path = Assets.xcassets; sourceTree = "<group>"; };
		5635357E2F39E79200CEE027 /* AppIcon.icon */ = {isa = PBXFileReference; lastKnownFileType = folder.iconcomposer.icon; path = AppIcon.icon; sourceTree = "<group>"; };
		563535E82F3B855100CEE027 /* LaunchScreen.storyboard */ = {isa = PBXFileReference; lastKnownFileType = file.storyboard; name = LaunchScreen.storyboard; path = MetaX/LaunchScreen.storyboard; sourceTree = SOURCE_ROOT; };
		56C491992F4EDBAC00E5D9FF /* MetaXDebug.storekit */ = {isa = PBXFileReference; lastKnownFileType = text; path = MetaXDebug.storekit; sourceTree = "<group>"; };
		56C4919B2F4EE5AD00E5D9FF /* StoreService.swift */ = {isa = PBXFileReference; lastKnownFileType = sourcecode.swift; path = StoreService.swift; sourceTree = "<group>"; };
		56C4919C2F4EE5AD00E5D9FF /* TippingManager.swift */ = {isa = PBXFileReference; lastKnownFileType = sourcecode.swift; path = TippingManager.swift; sourceTree = "<group>"; };
		56C491A02F4EEEE500E5D9FF /* SupportViewModel.swift */ = {isa = PBXFileReference; lastKnownFileType = sourcecode.swift; path = SupportViewModel.swift; sourceTree = "<group>"; };
		56C491A22F4EEEEB00E5D9FF /* SupportViewController.swift */ = {isa = PBXFileReference; lastKnownFileType = sourcecode.swift; path = SupportViewController.swift; sourceTree = "<group>"; };
		56C491A42F4EFD7A00E5D9FF /* NeoBrutalistPressable.swift */ = {isa = PBXFileReference; lastKnownFileType = sourcecode.swift; path = NeoBrutalistPressable.swift; sourceTree = "<group>"; };
		56D07E3C2F31000000000030 /* SceneDelegate.swift */ = {isa = PBXFileReference; lastKnownFileType = sourcecode.swift; path = SceneDelegate.swift; sourceTree = "<group>"; };
		56E6F1422F42D491002D0CAA /* AppCoordinator.swift */ = {isa = PBXFileReference; lastKnownFileType = sourcecode.swift; path = AppCoordinator.swift; sourceTree = "<group>"; };
		56E6F1432F42D491002D0CAA /* Coordinator.swift */ = {isa = PBXFileReference; lastKnownFileType = sourcecode.swift; path = Coordinator.swift; sourceTree = "<group>"; };
		56E6F1442F42D491002D0CAA /* PhotoFlowCoordinator.swift */ = {isa = PBXFileReference; lastKnownFileType = sourcecode.swift; path = PhotoFlowCoordinator.swift; sourceTree = "<group>"; };
		56E6F1462F42D491002D0CAA /* PHAssetCollectionExtension.swift */ = {isa = PBXFileReference; lastKnownFileType = sourcecode.swift; path = PHAssetCollectionExtension.swift; sourceTree = "<group>"; };
		56E6F1472F42D491002D0CAA /* PHImageRequestOptionsExtension.swift */ = {isa = PBXFileReference; lastKnownFileType = sourcecode.swift; path = PHImageRequestOptionsExtension.swift; sourceTree = "<group>"; };
		56E6F14A2F42D491002D0CAA /* DateFormatterExtension.swift */ = {isa = PBXFileReference; lastKnownFileType = sourcecode.swift; path = DateFormatterExtension.swift; sourceTree = "<group>"; };
		56E6F14B2F42D491002D0CAA /* StringExtension.swift */ = {isa = PBXFileReference; lastKnownFileType = sourcecode.swift; path = StringExtension.swift; sourceTree = "<group>"; };
		56E6F14C2F42D491002D0CAA /* UIViewExtension.swift */ = {isa = PBXFileReference; lastKnownFileType = sourcecode.swift; path = UIViewExtension.swift; sourceTree = "<group>"; };
		56E6F1502F42D491002D0CAA /* AlbumHeroTableViewCell.swift */ = {isa = PBXFileReference; lastKnownFileType = sourcecode.swift; path = AlbumHeroTableViewCell.swift; sourceTree = "<group>"; };
		56E6F1512F42D491002D0CAA /* AlbumStandardTableViewCell.swift */ = {isa = PBXFileReference; lastKnownFileType = sourcecode.swift; path = AlbumStandardTableViewCell.swift; sourceTree = "<group>"; };
		56E6F1522F42D491002D0CAA /* AlbumViewController.swift */ = {isa = PBXFileReference; lastKnownFileType = sourcecode.swift; path = AlbumViewController.swift; sourceTree = "<group>"; };
		56E6F1552F42D491002D0CAA /* LocationModel.swift */ = {isa = PBXFileReference; lastKnownFileType = sourcecode.swift; path = LocationModel.swift; sourceTree = "<group>"; };
		56E6F1572F42D491002D0CAA /* LocationSearchViewModel.swift */ = {isa = PBXFileReference; lastKnownFileType = sourcecode.swift; path = LocationSearchViewModel.swift; sourceTree = "<group>"; };
		56E6F1592F42D491002D0CAA /* LocationCardField.swift */ = {isa = PBXFileReference; lastKnownFileType = sourcecode.swift; path = LocationCardField.swift; sourceTree = "<group>"; };
		56E6F15A2F42D491002D0CAA /* LocationSearchViewController.swift */ = {isa = PBXFileReference; lastKnownFileType = sourcecode.swift; path = LocationSearchViewController.swift; sourceTree = "<group>"; };
		56E6F15B2F42D491002D0CAA /* LocationTableViewCell.swift */ = {isa = PBXFileReference; lastKnownFileType = sourcecode.swift; path = LocationTableViewCell.swift; sourceTree = "<group>"; };
		56E6F15E2F42D491002D0CAA /* DetailCellModel.swift */ = {isa = PBXFileReference; lastKnownFileType = sourcecode.swift; path = DetailCellModel.swift; sourceTree = "<group>"; };
		56E6F15F2F42D491002D0CAA /* Metadata.swift */ = {isa = PBXFileReference; lastKnownFileType = sourcecode.swift; path = Metadata.swift; sourceTree = "<group>"; };
		56E6F1602F42D491002D0CAA /* MetadataPlus.plist */ = {isa = PBXFileReference; lastKnownFileType = text.plist.xml; path = MetadataPlus.plist; sourceTree = "<group>"; };
		56E6F1622F42D491002D0CAA /* DetailInfoViewModel.swift */ = {isa = PBXFileReference; lastKnownFileType = sourcecode.swift; path = DetailInfoViewModel.swift; sourceTree = "<group>"; };
		56E6F1632F42D491002D0CAA /* MetadataEditViewModel.swift */ = {isa = PBXFileReference; lastKnownFileType = sourcecode.swift; path = MetadataEditViewModel.swift; sourceTree = "<group>"; };
		56E6F1652F42D491002D0CAA /* DetailInfoViewController.swift */ = {isa = PBXFileReference; lastKnownFileType = sourcecode.swift; path = DetailInfoViewController.swift; sourceTree = "<group>"; };
		56E6F1662F42D491002D0CAA /* DetailLocationCell.swift */ = {isa = PBXFileReference; lastKnownFileType = sourcecode.swift; path = DetailLocationCell.swift; sourceTree = "<group>"; };
		56E6F1672F42D491002D0CAA /* DetailSectionHeaderView.swift */ = {isa = PBXFileReference; lastKnownFileType = sourcecode.swift; path = DetailSectionHeaderView.swift; sourceTree = "<group>"; };
		56E6F1682F42D491002D0CAA /* DetailTableViewCell.swift */ = {isa = PBXFileReference; lastKnownFileType = sourcecode.swift; path = DetailTableViewCell.swift; sourceTree = "<group>"; };
		56E6F1692F42D491002D0CAA /* MetadataEditViewController.swift */ = {isa = PBXFileReference; lastKnownFileType = sourcecode.swift; path = MetadataEditViewController.swift; sourceTree = "<group>"; };
		56E6F16A2F42D491002D0CAA /* SaveOptionsViewController.swift */ = {isa = PBXFileReference; lastKnownFileType = sourcecode.swift; path = SaveOptionsViewController.swift; sourceTree = "<group>"; };
		56E6F16D2F42D491002D0CAA /* PhotoGridViewModel.swift */ = {isa = PBXFileReference; lastKnownFileType = sourcecode.swift; path = PhotoGridViewModel.swift; sourceTree = "<group>"; };
		56E6F16F2F42D491002D0CAA /* PhotoCollectionViewCell.swift */ = {isa = PBXFileReference; lastKnownFileType = sourcecode.swift; path = PhotoCollectionViewCell.swift; sourceTree = "<group>"; };
		56E6F1702F42D491002D0CAA /* PhotoGridViewController.swift */ = {isa = PBXFileReference; lastKnownFileType = sourcecode.swift; path = PhotoGridViewController.swift; sourceTree = "<group>"; };
		56E6F1732F42D491002D0CAA /* SettingsViewModel.swift */ = {isa = PBXFileReference; lastKnownFileType = sourcecode.swift; path = SettingsViewModel.swift; sourceTree = "<group>"; };
		56E6F1752F42D491002D0CAA /* SettingsTableViewCell.swift */ = {isa = PBXFileReference; lastKnownFileType = sourcecode.swift; path = SettingsTableViewCell.swift; sourceTree = "<group>"; };
		56E6F1762F42D491002D0CAA /* SettingsViewController.swift */ = {isa = PBXFileReference; lastKnownFileType = sourcecode.swift; path = SettingsViewController.swift; sourceTree = "<group>"; };
		56E6F17A2F42D491002D0CAA /* AppConstants.swift */ = {isa = PBXFileReference; lastKnownFileType = sourcecode.swift; path = AppConstants.swift; sourceTree = "<group>"; };
		56E6F17D2F42D491002D0CAA /* DependencyContainer.swift */ = {isa = PBXFileReference; lastKnownFileType = sourcecode.swift; path = DependencyContainer.swift; sourceTree = "<group>"; };
		56E6F17E2F42D491002D0CAA /* MetaXError.swift */ = {isa = PBXFileReference; lastKnownFileType = sourcecode.swift; path = MetaXError.swift; sourceTree = "<group>"; };
		56E6F17F2F42D491002D0CAA /* Theme.swift */ = {isa = PBXFileReference; lastKnownFileType = sourcecode.swift; path = Theme.swift; sourceTree = "<group>"; };
		56E6F1802F42D491002D0CAA /* ViewModelObserving.swift */ = {isa = PBXFileReference; lastKnownFileType = sourcecode.swift; path = ViewModelObserving.swift; sourceTree = "<group>"; };
		56E6F1822F42D491002D0CAA /* LocationHistoryService.swift */ = {isa = PBXFileReference; lastKnownFileType = sourcecode.swift; path = LocationHistoryService.swift; sourceTree = "<group>"; };
		56E6F1832F42D491002D0CAA /* LocationHistoryServiceProtocol.swift */ = {isa = PBXFileReference; lastKnownFileType = sourcecode.swift; path = LocationHistoryServiceProtocol.swift; sourceTree = "<group>"; };
		56E6F1842F42D491002D0CAA /* LocationSearchService.swift */ = {isa = PBXFileReference; lastKnownFileType = sourcecode.swift; path = LocationSearchService.swift; sourceTree = "<group>"; };
		56E6F1852F42D491002D0CAA /* LocationSearchServiceProtocol.swift */ = {isa = PBXFileReference; lastKnownFileType = sourcecode.swift; path = LocationSearchServiceProtocol.swift; sourceTree = "<group>"; };
		56E6F1872F42D491002D0CAA /* ImageSaveService.swift */ = {isa = PBXFileReference; lastKnownFileType = sourcecode.swift; path = ImageSaveService.swift; sourceTree = "<group>"; };
		56E6F1882F42D491002D0CAA /* MetadataService.swift */ = {isa = PBXFileReference; lastKnownFileType = sourcecode.swift; path = MetadataService.swift; sourceTree = "<group>"; };
		56E6F1892F42D491002D0CAA /* MetadataServiceProtocol.swift */ = {isa = PBXFileReference; lastKnownFileType = sourcecode.swift; path = MetadataServiceProtocol.swift; sourceTree = "<group>"; };
		56E6F18B2F42D491002D0CAA /* PhotoLibraryService.swift */ = {isa = PBXFileReference; lastKnownFileType = sourcecode.swift; path = PhotoLibraryService.swift; sourceTree = "<group>"; };
		56E6F18C2F42D491002D0CAA /* PhotoLibraryServiceProtocol.swift */ = {isa = PBXFileReference; lastKnownFileType = sourcecode.swift; path = PhotoLibraryServiceProtocol.swift; sourceTree = "<group>"; };
		56E6F18E2F42D491002D0CAA /* SettingsService.swift */ = {isa = PBXFileReference; lastKnownFileType = sourcecode.swift; path = SettingsService.swift; sourceTree = "<group>"; };
		56E6F1912F42D491002D0CAA /* Alert.swift */ = {isa = PBXFileReference; lastKnownFileType = sourcecode.swift; path = Alert.swift; sourceTree = "<group>"; };
		56E6F1922F42D491002D0CAA /* AuthLockView.swift */ = {isa = PBXFileReference; lastKnownFileType = sourcecode.swift; path = AuthLockView.swift; sourceTree = "<group>"; };
		56E6F1932F42D491002D0CAA /* FormPickerField.swift */ = {isa = PBXFileReference; lastKnownFileType = sourcecode.swift; path = FormPickerField.swift; sourceTree = "<group>"; };
		56E6F1942F42D491002D0CAA /* FormTextField.swift */ = {isa = PBXFileReference; lastKnownFileType = sourcecode.swift; path = FormTextField.swift; sourceTree = "<group>"; };
		56E6F1952F42D491002D0CAA /* HUD.swift */ = {isa = PBXFileReference; lastKnownFileType = sourcecode.swift; path = HUD.swift; sourceTree = "<group>"; };
		56E6F1962F42D491002D0CAA /* KeyboardObserver.swift */ = {isa = PBXFileReference; lastKnownFileType = sourcecode.swift; path = KeyboardObserver.swift; sourceTree = "<group>"; };
		56E6F1972F42D491002D0CAA /* NeoBrutalistContainerView.swift */ = {isa = PBXFileReference; lastKnownFileType = sourcecode.swift; path = NeoBrutalistContainerView.swift; sourceTree = "<group>"; };
		56E6F1982F42D491002D0CAA /* SplashView.swift */ = {isa = PBXFileReference; lastKnownFileType = sourcecode.swift; path = SplashView.swift; sourceTree = "<group>"; };
		56E6F1992F42D491002D0CAA /* ZoomTransition.swift */ = {isa = PBXFileReference; lastKnownFileType = sourcecode.swift; path = ZoomTransition.swift; sourceTree = "<group>"; };
		56E6F19B2F42D491002D0CAA /* Rational.swift */ = {isa = PBXFileReference; lastKnownFileType = sourcecode.swift; path = Rational.swift; sourceTree = "<group>"; };
		56E6F1DB2F42EA73002D0CAA /* SaveOptionsViewModel.swift */ = {isa = PBXFileReference; lastKnownFileType = sourcecode.swift; path = SaveOptionsViewModel.swift; sourceTree = "<group>"; };
		56E6F1DD2F42F0D9002D0CAA /* LocationSearchViewModelTests.swift */ = {isa = PBXFileReference; lastKnownFileType = sourcecode.swift; path = LocationSearchViewModelTests.swift; sourceTree = "<group>"; };
		56E6F1E02F42F0D9002D0CAA /* DetailInfoViewModelTests.swift */ = {isa = PBXFileReference; lastKnownFileType = sourcecode.swift; path = DetailInfoViewModelTests.swift; sourceTree = "<group>"; };
		56E6F1E12F45B9CA002D0CAA /* OnceGuard.swift */ = {isa = PBXFileReference; lastKnownFileType = sourcecode.swift; path = OnceGuard.swift; sourceTree = "<group>"; };
		56E6F1E22F42F0D9002D0CAA /* SaveOptionsViewModelTests.swift */ = {isa = PBXFileReference; lastKnownFileType = sourcecode.swift; path = SaveOptionsViewModelTests.swift; sourceTree = "<group>"; };
		56E6F1E52F45F04E002D0CAA /* PHAssetExtension.swift */ = {isa = PBXFileReference; lastKnownFileType = sourcecode.swift; path = PHAssetExtension.swift; sourceTree = "<group>"; };
		56E6F1E82F460DEF002D0CAA /* UITableView+Reusable.swift */ = {isa = PBXFileReference; lastKnownFileType = sourcecode.swift; path = "UITableView+Reusable.swift"; sourceTree = "<group>"; };
		56E6F1EB2F460E2A002D0CAA /* AlbumViewModel.swift */ = {isa = PBXFileReference; lastKnownFileType = sourcecode.swift; path = AlbumViewModel.swift; sourceTree = "<group>"; };
		56E6F1ED2F49AF49002D0CAA /* Collection+Safe.swift */ = {isa = PBXFileReference; lastKnownFileType = sourcecode.swift; path = "Collection+Safe.swift"; sourceTree = "<group>"; };
		56E6F1EF2F4B5041002D0CAA /* MetadataEditorModels.swift */ = {isa = PBXFileReference; lastKnownFileType = sourcecode.swift; path = MetadataEditorModels.swift; sourceTree = "<group>"; };
		56E6F1F22F4C6E68002D0CAA /* sample.dng */ = {isa = PBXFileReference; lastKnownFileType = file; path = sample.dng; sourceTree = "<group>"; };
		56E6F1F32F4C6E68002D0CAA /* sample.jpg */ = {isa = PBXFileReference; lastKnownFileType = image.jpeg; path = sample.jpg; sourceTree = "<group>"; };
		56E6F1F42F4C6E68002D0CAA /* sample.png */ = {isa = PBXFileReference; lastKnownFileType = image.png; path = sample.png; sourceTree = "<group>"; };
		56E6F1F82F4C6FAD002D0CAA /* sample.heic */ = {isa = PBXFileReference; lastKnownFileType = file; path = sample.heic; sourceTree = "<group>"; };
		56E6F1FC2F4C7B06002D0CAA /* ImageSaveServiceTests.swift */ = {isa = PBXFileReference; lastKnownFileType = sourcecode.swift; path = ImageSaveServiceTests.swift; sourceTree = "<group>"; };
		56E6F1FD2F4C7B06002D0CAA /* MetadataLogicTests.swift */ = {isa = PBXFileReference; lastKnownFileType = sourcecode.swift; path = MetadataLogicTests.swift; sourceTree = "<group>"; };
		56EBC81C2F36FD07009AF511 /* Localizable.xcstrings */ = {isa = PBXFileReference; lastKnownFileType = text.json.xcstrings; path = Localizable.xcstrings; sourceTree = "<group>"; };
		56EBC8202F36FD0D009AF511 /* InfoPlist.xcstrings */ = {isa = PBXFileReference; lastKnownFileType = text.json.xcstrings; path = InfoPlist.xcstrings; sourceTree = "<group>"; };
		646A635100A346878D8DF79D /* ExifEnumMappings.json */ = {isa = PBXFileReference; lastKnownFileType = text.json; path = ExifEnumMappings.json; sourceTree = "<group>"; };
/* End PBXFileReference section */

/* Begin PBXFrameworksBuildPhase section */
		11E84DEE208CD56A003A8F88 /* Frameworks */ = {
			isa = PBXFrameworksBuildPhase;
			buildActionMask = 2147483647;
			files = (
			);
			runOnlyForDeploymentPostprocessing = 0;
		};
		11E84E02208CD56C003A8F88 /* Frameworks */ = {
			isa = PBXFrameworksBuildPhase;
			buildActionMask = 2147483647;
			files = (
			);
			runOnlyForDeploymentPostprocessing = 0;
		};
/* End PBXFrameworksBuildPhase section */

/* Begin PBXGroup section */
		11E84DE8208CD56A003A8F88 = {
			isa = PBXGroup;
			children = (
				11E84DF3208CD56A003A8F88 /* MetaX */,
				11E84E08208CD56C003A8F88 /* MetaXTests */,
				11E84DF2208CD56A003A8F88 /* Products */,
				11E84E64208CD7F4003A8F88 /* Frameworks */,
			);
			sourceTree = "<group>";
		};
		11E84DF2208CD56A003A8F88 /* Products */ = {
			isa = PBXGroup;
			children = (
				11E84DF1208CD56A003A8F88 /* MetaX.app */,
				11E84E05208CD56C003A8F88 /* MetaXTests.xctest */,
			);
			name = Products;
			sourceTree = "<group>";
		};
		11E84DF3208CD56A003A8F88 /* MetaX */ = {
			isa = PBXGroup;
			children = (
				56E6F1452F42D491002D0CAA /* Coordinators */,
				56E6F14D2F42D491002D0CAA /* Extensions */,
				56E6F1792F42D491002D0CAA /* Features */,
				56E6F1812F42D491002D0CAA /* Infrastructure */,
				56E6F1902F42D491002D0CAA /* Services */,
				56E6F19A2F42D491002D0CAA /* UIComponents */,
				56E6F19C2F42D491002D0CAA /* Util */,
				56D07E3C2F31000000000030 /* SceneDelegate.swift */,
				11E84E37208CD635003A8F88 /* AppDelegate.swift */,
				56EBC81C2F36FD07009AF511 /* Localizable.xcstrings */,
				11E84E3E208CD635003A8F88 /* Assets.xcassets */,
				5635357E2F39E79200CEE027 /* AppIcon.icon */,
				11E84E00208CD56C003A8F88 /* Info.plist */,
				56EBC8202F36FD0D009AF511 /* InfoPlist.xcstrings */,
				563535E82F3B855100CEE027 /* LaunchScreen.storyboard */,
				646A635100A346878D8DF79D /* ExifEnumMappings.json */,
				56C491992F4EDBAC00E5D9FF /* MetaXDebug.storekit */,
			);
			path = MetaX;
			sourceTree = "<group>";
		};
		11E84E08208CD56C003A8F88 /* MetaXTests */ = {
			isa = PBXGroup;
			children = (
				56E6F1F12F4C6E18002D0CAA /* Resources */,
				56E6F1DD2F42F0D9002D0CAA /* LocationSearchViewModelTests.swift */,
				56E6F1FC2F4C7B06002D0CAA /* ImageSaveServiceTests.swift */,
				56E6F1FD2F4C7B06002D0CAA /* MetadataLogicTests.swift */,
				11E84E09208CD56C003A8F88 /* MetadataEditTests.swift */,
				56E6F1E02F42F0D9002D0CAA /* DetailInfoViewModelTests.swift */,
				56E6F1E22F42F0D9002D0CAA /* SaveOptionsViewModelTests.swift */,
				11E84E0B208CD56C003A8F88 /* Info.plist */,
			);
			path = MetaXTests;
			sourceTree = "<group>";
		};
		11E84E64208CD7F4003A8F88 /* Frameworks */ = {
			isa = PBXGroup;
			children = (
			);
			name = Frameworks;
			sourceTree = "<group>";
		};
		56C4919D2F4EE5AD00E5D9FF /* Store */ = {
			isa = PBXGroup;
			children = (
				56C4919B2F4EE5AD00E5D9FF /* StoreService.swift */,
				56C4919C2F4EE5AD00E5D9FF /* TippingManager.swift */,
			);
			path = Store;
			sourceTree = "<group>";
		};
		56E6F1452F42D491002D0CAA /* Coordinators */ = {
			isa = PBXGroup;
			children = (
				56E6F1422F42D491002D0CAA /* AppCoordinator.swift */,
				56E6F1432F42D491002D0CAA /* Coordinator.swift */,
				56E6F1442F42D491002D0CAA /* PhotoFlowCoordinator.swift */,
			);
			path = Coordinators;
			sourceTree = "<group>";
		};
		56E6F1492F42D491002D0CAA /* Photos */ = {
			isa = PBXGroup;
			children = (
				56E6F1E52F45F04E002D0CAA /* PHAssetExtension.swift */,
				56E6F1462F42D491002D0CAA /* PHAssetCollectionExtension.swift */,
				56E6F1472F42D491002D0CAA /* PHImageRequestOptionsExtension.swift */,
			);
			path = Photos;
			sourceTree = "<group>";
		};
		56E6F14D2F42D491002D0CAA /* Extensions */ = {
			isa = PBXGroup;
			children = (
				56E6F1E92F460DEF002D0CAA /* UIKit */,
				56E6F1492F42D491002D0CAA /* Photos */,
				56E6F14A2F42D491002D0CAA /* DateFormatterExtension.swift */,
				56E6F14B2F42D491002D0CAA /* StringExtension.swift */,
				56E6F14C2F42D491002D0CAA /* UIViewExtension.swift */,
			);
			path = Extensions;
			sourceTree = "<group>";
		};
		56E6F14F2F42D491002D0CAA /* ViewModels */ = {
			isa = PBXGroup;
			children = (
				56E6F1EB2F460E2A002D0CAA /* AlbumViewModel.swift */,
			);
			path = ViewModels;
			sourceTree = "<group>";
		};
		56E6F1532F42D491002D0CAA /* Views */ = {
			isa = PBXGroup;
			children = (
				56E6F1502F42D491002D0CAA /* AlbumHeroTableViewCell.swift */,
				56E6F1512F42D491002D0CAA /* AlbumStandardTableViewCell.swift */,
				56E6F1522F42D491002D0CAA /* AlbumViewController.swift */,
			);
			path = Views;
			sourceTree = "<group>";
		};
		56E6F1542F42D491002D0CAA /* AlbumList */ = {
			isa = PBXGroup;
			children = (
				56E6F14F2F42D491002D0CAA /* ViewModels */,
				56E6F1532F42D491002D0CAA /* Views */,
			);
			path = AlbumList;
			sourceTree = "<group>";
		};
		56E6F1562F42D491002D0CAA /* Models */ = {
			isa = PBXGroup;
			children = (
				56E6F1552F42D491002D0CAA /* LocationModel.swift */,
			);
			path = Models;
			sourceTree = "<group>";
		};
		56E6F1582F42D491002D0CAA /* ViewModels */ = {
			isa = PBXGroup;
			children = (
				56E6F1572F42D491002D0CAA /* LocationSearchViewModel.swift */,
			);
			path = ViewModels;
			sourceTree = "<group>";
		};
		56E6F15C2F42D491002D0CAA /* Views */ = {
			isa = PBXGroup;
			children = (
				56E6F1592F42D491002D0CAA /* LocationCardField.swift */,
				56E6F15A2F42D491002D0CAA /* LocationSearchViewController.swift */,
				56E6F15B2F42D491002D0CAA /* LocationTableViewCell.swift */,
			);
			path = Views;
			sourceTree = "<group>";
		};
		56E6F15D2F42D491002D0CAA /* LocationSearch */ = {
			isa = PBXGroup;
			children = (
				56E6F1562F42D491002D0CAA /* Models */,
				56E6F1582F42D491002D0CAA /* ViewModels */,
				56E6F15C2F42D491002D0CAA /* Views */,
			);
			path = LocationSearch;
			sourceTree = "<group>";
		};
		56E6F1612F42D491002D0CAA /* Models */ = {
			isa = PBXGroup;
			children = (
				56E6F1EF2F4B5041002D0CAA /* MetadataEditorModels.swift */,
				56E6F15E2F42D491002D0CAA /* DetailCellModel.swift */,
				56E6F15F2F42D491002D0CAA /* Metadata.swift */,
				56E6F1602F42D491002D0CAA /* MetadataPlus.plist */,
			);
			path = Models;
			sourceTree = "<group>";
		};
		56E6F1642F42D491002D0CAA /* ViewModels */ = {
			isa = PBXGroup;
			children = (
				56E6F1DB2F42EA73002D0CAA /* SaveOptionsViewModel.swift */,
				56E6F1622F42D491002D0CAA /* DetailInfoViewModel.swift */,
				56E6F1632F42D491002D0CAA /* MetadataEditViewModel.swift */,
			);
			path = ViewModels;
			sourceTree = "<group>";
		};
		56E6F16B2F42D491002D0CAA /* Views */ = {
			isa = PBXGroup;
			children = (
				56E6F1652F42D491002D0CAA /* DetailInfoViewController.swift */,
				56E6F1662F42D491002D0CAA /* DetailLocationCell.swift */,
				56E6F1672F42D491002D0CAA /* DetailSectionHeaderView.swift */,
				56E6F1682F42D491002D0CAA /* DetailTableViewCell.swift */,
				56E6F1692F42D491002D0CAA /* MetadataEditViewController.swift */,
				56E6F16A2F42D491002D0CAA /* SaveOptionsViewController.swift */,
			);
			path = Views;
			sourceTree = "<group>";
		};
		56E6F16C2F42D491002D0CAA /* MetadataEditor */ = {
			isa = PBXGroup;
			children = (
				56E6F1612F42D491002D0CAA /* Models */,
				56E6F1642F42D491002D0CAA /* ViewModels */,
				56E6F16B2F42D491002D0CAA /* Views */,
			);
			path = MetadataEditor;
			sourceTree = "<group>";
		};
		56E6F16E2F42D491002D0CAA /* ViewModels */ = {
			isa = PBXGroup;
			children = (
				56E6F16D2F42D491002D0CAA /* PhotoGridViewModel.swift */,
			);
			path = ViewModels;
			sourceTree = "<group>";
		};
		56E6F1712F42D491002D0CAA /* Views */ = {
			isa = PBXGroup;
			children = (
				56E6F16F2F42D491002D0CAA /* PhotoCollectionViewCell.swift */,
				56E6F1702F42D491002D0CAA /* PhotoGridViewController.swift */,
			);
			path = Views;
			sourceTree = "<group>";
		};
		56E6F1722F42D491002D0CAA /* PhotoGrid */ = {
			isa = PBXGroup;
			children = (
				56E6F16E2F42D491002D0CAA /* ViewModels */,
				56E6F1712F42D491002D0CAA /* Views */,
			);
			path = PhotoGrid;
			sourceTree = "<group>";
		};
		56E6F1742F42D491002D0CAA /* ViewModels */ = {
			isa = PBXGroup;
			children = (
				56C491A02F4EEEE500E5D9FF /* SupportViewModel.swift */,
				56E6F1732F42D491002D0CAA /* SettingsViewModel.swift */,
			);
			path = ViewModels;
			sourceTree = "<group>";
		};
		56E6F1772F42D491002D0CAA /* Views */ = {
			isa = PBXGroup;
			children = (
				56C491A22F4EEEEB00E5D9FF /* SupportViewController.swift */,
				56E6F1752F42D491002D0CAA /* SettingsTableViewCell.swift */,
				56E6F1762F42D491002D0CAA /* SettingsViewController.swift */,
			);
			path = Views;
			sourceTree = "<group>";
		};
		56E6F1782F42D491002D0CAA /* Settings */ = {
			isa = PBXGroup;
			children = (
				56E6F1742F42D491002D0CAA /* ViewModels */,
				56E6F1772F42D491002D0CAA /* Views */,
			);
			path = Settings;
			sourceTree = "<group>";
		};
		56E6F1792F42D491002D0CAA /* Features */ = {
			isa = PBXGroup;
			children = (
				56E6F1542F42D491002D0CAA /* AlbumList */,
				56E6F15D2F42D491002D0CAA /* LocationSearch */,
				56E6F16C2F42D491002D0CAA /* MetadataEditor */,
				56E6F1722F42D491002D0CAA /* PhotoGrid */,
				56E6F1782F42D491002D0CAA /* Settings */,
			);
			path = Features;
			sourceTree = "<group>";
		};
		56E6F1812F42D491002D0CAA /* Infrastructure */ = {
			isa = PBXGroup;
			children = (
				56E6F1E12F45B9CA002D0CAA /* OnceGuard.swift */,
				56E6F17A2F42D491002D0CAA /* AppConstants.swift */,
				56E6F17D2F42D491002D0CAA /* DependencyContainer.swift */,
				56E6F17E2F42D491002D0CAA /* MetaXError.swift */,
				56E6F17F2F42D491002D0CAA /* Theme.swift */,
				56E6F1802F42D491002D0CAA /* ViewModelObserving.swift */,
			);
			path = Infrastructure;
			sourceTree = "<group>";
		};
		56E6F1862F42D491002D0CAA /* Location */ = {
			isa = PBXGroup;
			children = (
				56E6F1822F42D491002D0CAA /* LocationHistoryService.swift */,
				56E6F1832F42D491002D0CAA /* LocationHistoryServiceProtocol.swift */,
				56E6F1842F42D491002D0CAA /* LocationSearchService.swift */,
				56E6F1852F42D491002D0CAA /* LocationSearchServiceProtocol.swift */,
			);
			path = Location;
			sourceTree = "<group>";
		};
		56E6F18A2F42D491002D0CAA /* Metadata */ = {
			isa = PBXGroup;
			children = (
				56E6F1872F42D491002D0CAA /* ImageSaveService.swift */,
				56E6F1882F42D491002D0CAA /* MetadataService.swift */,
				56E6F1892F42D491002D0CAA /* MetadataServiceProtocol.swift */,
			);
			path = Metadata;
			sourceTree = "<group>";
		};
		56E6F18D2F42D491002D0CAA /* PhotoLibrary */ = {
			isa = PBXGroup;
			children = (
				56E6F18B2F42D491002D0CAA /* PhotoLibraryService.swift */,
				56E6F18C2F42D491002D0CAA /* PhotoLibraryServiceProtocol.swift */,
			);
			path = PhotoLibrary;
			sourceTree = "<group>";
		};
		56E6F18F2F42D491002D0CAA /* Settings */ = {
			isa = PBXGroup;
			children = (
				56E6F18E2F42D491002D0CAA /* SettingsService.swift */,
			);
			path = Settings;
			sourceTree = "<group>";
		};
		56E6F1902F42D491002D0CAA /* Services */ = {
			isa = PBXGroup;
			children = (
				56E6F1862F42D491002D0CAA /* Location */,
				56E6F18A2F42D491002D0CAA /* Metadata */,
				56E6F18D2F42D491002D0CAA /* PhotoLibrary */,
				56E6F18F2F42D491002D0CAA /* Settings */,
				56C4919D2F4EE5AD00E5D9FF /* Store */,
			);
			path = Services;
			sourceTree = "<group>";
		};
		56E6F19A2F42D491002D0CAA /* UIComponents */ = {
			isa = PBXGroup;
			children = (
				56C491A42F4EFD7A00E5D9FF /* NeoBrutalistPressable.swift */,
				56E6F1912F42D491002D0CAA /* Alert.swift */,
				56E6F1922F42D491002D0CAA /* AuthLockView.swift */,
				56E6F1932F42D491002D0CAA /* FormPickerField.swift */,
				56E6F1942F42D491002D0CAA /* FormTextField.swift */,
				56E6F1952F42D491002D0CAA /* HUD.swift */,
				56E6F1972F42D491002D0CAA /* NeoBrutalistContainerView.swift */,
				56E6F1982F42D491002D0CAA /* SplashView.swift */,
			);
			path = UIComponents;
			sourceTree = "<group>";
		};
		56E6F19C2F42D491002D0CAA /* Util */ = {
			isa = PBXGroup;
			children = (
				56E6F1ED2F49AF49002D0CAA /* Collection+Safe.swift */,
				56E6F1962F42D491002D0CAA /* KeyboardObserver.swift */,
				56E6F1992F42D491002D0CAA /* ZoomTransition.swift */,
				56E6F19B2F42D491002D0CAA /* Rational.swift */,
			);
			path = Util;
			sourceTree = "<group>";
		};
		56E6F1E92F460DEF002D0CAA /* UIKit */ = {
			isa = PBXGroup;
			children = (
				56E6F1E82F460DEF002D0CAA /* UITableView+Reusable.swift */,
			);
			path = UIKit;
			sourceTree = "<group>";
		};
		56E6F1F12F4C6E18002D0CAA /* Resources */ = {
			isa = PBXGroup;
			children = (
				56E6F1F22F4C6E68002D0CAA /* sample.dng */,
				56E6F1F82F4C6FAD002D0CAA /* sample.heic */,
				56E6F1F32F4C6E68002D0CAA /* sample.jpg */,
				56E6F1F42F4C6E68002D0CAA /* sample.png */,
			);
			path = Resources;
			sourceTree = "<group>";
		};
/* End PBXGroup section */

/* Begin PBXNativeTarget section */
		11E84DF0208CD56A003A8F88 /* MetaX */ = {
			isa = PBXNativeTarget;
			buildConfigurationList = 11E84E0E208CD56C003A8F88 /* Build configuration list for PBXNativeTarget "MetaX" */;
			buildPhases = (
				11E84DED208CD56A003A8F88 /* Sources */,
				11E84DEE208CD56A003A8F88 /* Frameworks */,
				11E84DEF208CD56A003A8F88 /* Resources */,
			);
			buildRules = (
			);
			dependencies = (
			);
			name = MetaX;
			productName = MetaX;
			productReference = 11E84DF1208CD56A003A8F88 /* MetaX.app */;
			productType = "com.apple.product-type.application";
		};
		11E84E04208CD56C003A8F88 /* MetaXTests */ = {
			isa = PBXNativeTarget;
			buildConfigurationList = 11E84E11208CD56C003A8F88 /* Build configuration list for PBXNativeTarget "MetaXTests" */;
			buildPhases = (
				11E84E01208CD56C003A8F88 /* Sources */,
				11E84E02208CD56C003A8F88 /* Frameworks */,
				11E84E03208CD56C003A8F88 /* Resources */,
			);
			buildRules = (
			);
			dependencies = (
				11E84E07208CD56C003A8F88 /* PBXTargetDependency */,
			);
			name = MetaXTests;
			productName = MetaXTests;
			productReference = 11E84E05208CD56C003A8F88 /* MetaXTests.xctest */;
			productType = "com.apple.product-type.bundle.unit-test";
		};
/* End PBXNativeTarget section */

/* Begin PBXProject section */
		11E84DE9208CD56A003A8F88 /* Project object */ = {
			isa = PBXProject;
			attributes = {
				LastSwiftUpdateCheck = 0930;
				LastUpgradeCheck = 0930;
				ORGANIZATIONNAME = "Yuhan Chen";
				TargetAttributes = {
					11E84DF0208CD56A003A8F88 = {
						CreatedOnToolsVersion = 9.3;
						LastSwiftMigration = 0930;
					};
					11E84E04208CD56C003A8F88 = {
						CreatedOnToolsVersion = 9.3;
						TestTargetID = 11E84DF0208CD56A003A8F88;
					};
				};
			};
			buildConfigurationList = 11E84DEC208CD56A003A8F88 /* Build configuration list for PBXProject "MetaX" */;
			compatibilityVersion = "Xcode 9.3";
			developmentRegion = en;
			hasScannedForEncodings = 0;
			knownRegions = (
				en,
				Base,
				"zh-Hans",
				ja,
			);
			mainGroup = 11E84DE8208CD56A003A8F88;
			packageReferences = (
			);
			productRefGroup = 11E84DF2208CD56A003A8F88 /* Products */;
			projectDirPath = "";
			projectRoot = "";
			targets = (
				11E84DF0208CD56A003A8F88 /* MetaX */,
				11E84E04208CD56C003A8F88 /* MetaXTests */,
			);
		};
/* End PBXProject section */

/* Begin PBXResourcesBuildPhase section */
		11E84DEF208CD56A003A8F88 /* Resources */ = {
			isa = PBXResourcesBuildPhase;
			buildActionMask = 2147483647;
			files = (
				5635357F2F39E79200CEE027 /* AppIcon.icon in Resources */,
				56EBC8212F36FD0D009AF511 /* InfoPlist.xcstrings in Resources */,
				56EBC81D2F36FD08009AF511 /* Localizable.xcstrings in Resources */,
				56E6F1DA2F42D491002D0CAA /* MetadataPlus.plist in Resources */,
				56C4919A2F4EDBAC00E5D9FF /* MetaXDebug.storekit in Resources */,
				B1A53635B2CA4D0AAB1A8083 /* ExifEnumMappings.json in Resources */,
				563535E92F3B855100CEE027 /* LaunchScreen.storyboard in Resources */,
				11E84E62208CD635003A8F88 /* Assets.xcassets in Resources */,
			);
			runOnlyForDeploymentPostprocessing = 0;
		};
		11E84E03208CD56C003A8F88 /* Resources */ = {
			isa = PBXResourcesBuildPhase;
			buildActionMask = 2147483647;
			files = (
				56E6F1F92F4C6FAD002D0CAA /* sample.heic in Resources */,
				56E6F1F52F4C6E68002D0CAA /* sample.dng in Resources */,
				56E6F1F62F4C6E68002D0CAA /* sample.jpg in Resources */,
				56E6F1F72F4C6E68002D0CAA /* sample.png in Resources */,
			);
			runOnlyForDeploymentPostprocessing = 0;
		};
/* End PBXResourcesBuildPhase section */

/* Begin PBXSourcesBuildPhase section */
		11E84DED208CD56A003A8F88 /* Sources */ = {
			isa = PBXSourcesBuildPhase;
			buildActionMask = 2147483647;
			files = (
				56D07EA02F37000000000001 /* (null) in Sources */,
				56E6F19D2F42D491002D0CAA /* SaveOptionsViewController.swift in Sources */,
				56E6F19E2F42D491002D0CAA /* FormTextField.swift in Sources */,
				56E6F1E62F45F04E002D0CAA /* PHAssetExtension.swift in Sources */,
				56E6F1EA2F460DEF002D0CAA /* UITableView+Reusable.swift in Sources */,
				56E6F1A02F42D491002D0CAA /* AlbumHeroTableViewCell.swift in Sources */,
				56E6F1A12F42D491002D0CAA /* PhotoLibraryServiceProtocol.swift in Sources */,
				56E6F1A22F42D491002D0CAA /* ViewModelObserving.swift in Sources */,
				56C491A12F4EEEE500E5D9FF /* SupportViewModel.swift in Sources */,
				56E6F1EC2F460E2A002D0CAA /* AlbumViewModel.swift in Sources */,
				56C491A32F4EEEEB00E5D9FF /* SupportViewController.swift in Sources */,
				56E6F1A32F42D491002D0CAA /* LocationModel.swift in Sources */,
				56E6F1A42F42D491002D0CAA /* LocationTableViewCell.swift in Sources */,
				56E6F1A52F42D491002D0CAA /* LocationCardField.swift in Sources */,
				56E6F1EE2F49AF49002D0CAA /* Collection+Safe.swift in Sources */,
				56E6F1A72F42D491002D0CAA /* HUD.swift in Sources */,
				56E6F1A82F42D491002D0CAA /* PHAssetCollectionExtension.swift in Sources */,
				56E6F1A92F42D491002D0CAA /* DetailCellModel.swift in Sources */,
				56E6F1AA2F42D491002D0CAA /* FormPickerField.swift in Sources */,
				56E6F1AB2F42D491002D0CAA /* LocationSearchViewController.swift in Sources */,
				56E6F1AC2F42D491002D0CAA /* Metadata.swift in Sources */,
				56E6F1AD2F42D491002D0CAA /* MetadataEditViewController.swift in Sources */,
				56E6F1AE2F42D491002D0CAA /* DetailInfoViewController.swift in Sources */,
				56E6F1AF2F42D491002D0CAA /* AuthLockView.swift in Sources */,
				56E6F1B02F42D491002D0CAA /* DetailInfoViewModel.swift in Sources */,
				56E6F1B12F42D491002D0CAA /* MetadataEditViewModel.swift in Sources */,
				56C4919E2F4EE5AD00E5D9FF /* TippingManager.swift in Sources */,
				56C4919F2F4EE5AD00E5D9FF /* StoreService.swift in Sources */,
				56E6F1B22F42D491002D0CAA /* SettingsViewModel.swift in Sources */,
				56E6F1B32F42D491002D0CAA /* KeyboardObserver.swift in Sources */,
				56E6F1B42F42D491002D0CAA /* ImageSaveService.swift in Sources */,
				56E6F1B52F42D491002D0CAA /* PhotoFlowCoordinator.swift in Sources */,
				56E6F1B62F42D491002D0CAA /* LocationSearchService.swift in Sources */,
				56E6F1B72F42D491002D0CAA /* Alert.swift in Sources */,
				56E6F1B82F42D491002D0CAA /* PhotoLibraryService.swift in Sources */,
				56E6F1B92F42D491002D0CAA /* AlbumViewController.swift in Sources */,
				56E6F1BA2F42D491002D0CAA /* PhotoGridViewController.swift in Sources */,
				56E6F1BB2F42D491002D0CAA /* PhotoCollectionViewCell.swift in Sources */,
				56E6F1BC2F42D491002D0CAA /* Rational.swift in Sources */,
				56E6F1BD2F42D491002D0CAA /* AlbumStandardTableViewCell.swift in Sources */,
				56E6F1BE2F42D491002D0CAA /* MetadataServiceProtocol.swift in Sources */,
				56E6F1BF2F42D491002D0CAA /* DetailSectionHeaderView.swift in Sources */,
				56E6F1C02F42D491002D0CAA /* ZoomTransition.swift in Sources */,
				56E6F1C12F42D491002D0CAA /* AppCoordinator.swift in Sources */,
				56E6F1C22F42D491002D0CAA /* DetailLocationCell.swift in Sources */,
				56E6F1C42F42D491002D0CAA /* LocationSearchViewModel.swift in Sources */,
				56E6F1C52F42D491002D0CAA /* PhotoGridViewModel.swift in Sources */,
				56E6F1C62F42D491002D0CAA /* DetailTableViewCell.swift in Sources */,
				56E6F1F02F4B5041002D0CAA /* MetadataEditorModels.swift in Sources */,
				56E6F1E22F45B9CA002D0CAA /* OnceGuard.swift in Sources */,
				56E6F1C72F42D491002D0CAA /* UIViewExtension.swift in Sources */,
				56E6F1C82F42D491002D0CAA /* MetaXError.swift in Sources */,
				56E6F1C92F42D491002D0CAA /* PHImageRequestOptionsExtension.swift in Sources */,
				56E6F1CA2F42D491002D0CAA /* AppConstants.swift in Sources */,
				56E6F1CB2F42D491002D0CAA /* StringExtension.swift in Sources */,
				56E6F1CC2F42D491002D0CAA /* SettingsTableViewCell.swift in Sources */,
				56E6F1DC2F42EA73002D0CAA /* SaveOptionsViewModel.swift in Sources */,
				56E6F1CD2F42D491002D0CAA /* LocationHistoryService.swift in Sources */,
				56E6F1CE2F42D491002D0CAA /* SettingsService.swift in Sources */,
				56C491A52F4EFD7A00E5D9FF /* NeoBrutalistPressable.swift in Sources */,
				56E6F1CF2F42D491002D0CAA /* LocationSearchServiceProtocol.swift in Sources */,
				56E6F1D02F42D491002D0CAA /* LocationHistoryServiceProtocol.swift in Sources */,
				56E6F1D12F42D491002D0CAA /* DependencyContainer.swift in Sources */,
				56E6F1D22F42D491002D0CAA /* Theme.swift in Sources */,
				56E6F1D32F42D491002D0CAA /* SettingsViewController.swift in Sources */,
				56E6F1D42F42D491002D0CAA /* Coordinator.swift in Sources */,
				56E6F1D52F42D491002D0CAA /* NeoBrutalistContainerView.swift in Sources */,
				56E6F1D62F42D491002D0CAA /* DateFormatterExtension.swift in Sources */,
				56E6F1D82F42D491002D0CAA /* MetadataService.swift in Sources */,
				56E6F1D92F42D491002D0CAA /* SplashView.swift in Sources */,
				11E84E5C208CD635003A8F88 /* AppDelegate.swift in Sources */,
				56D07E3D2F31000000000030 /* SceneDelegate.swift in Sources */,
			);
			runOnlyForDeploymentPostprocessing = 0;
		};
		11E84E01208CD56C003A8F88 /* Sources */ = {
			isa = PBXSourcesBuildPhase;
			buildActionMask = 2147483647;
			files = (
				11E84E0A208CD56C003A8F88 /* MetadataEditTests.swift in Sources */,
				56E6F1DE2F42F0D9002D0CAA /* LocationSearchViewModelTests.swift in Sources */,
				56E6F1FE2F4C7B06002D0CAA /* ImageSaveServiceTests.swift in Sources */,
				56E6F1FF2F4C7B06002D0CAA /* MetadataLogicTests.swift in Sources */,
				56E6F1E12F42F0D9002D0CAA /* DetailInfoViewModelTests.swift in Sources */,
				56E6F1E32F42F0D9002D0CAA /* SaveOptionsViewModelTests.swift in Sources */,
			);
			runOnlyForDeploymentPostprocessing = 0;
		};
/* End PBXSourcesBuildPhase section */

/* Begin PBXTargetDependency section */
		11E84E07208CD56C003A8F88 /* PBXTargetDependency */ = {
			isa = PBXTargetDependency;
			target = 11E84DF0208CD56A003A8F88 /* MetaX */;
			targetProxy = 11E84E06208CD56C003A8F88 /* PBXContainerItemProxy */;
		};
/* End PBXTargetDependency section */

/* Begin XCBuildConfiguration section */
		11E84E0C208CD56C003A8F88 /* Debug */ = {
			isa = XCBuildConfiguration;
			buildSettings = {
				ALWAYS_SEARCH_USER_PATHS = NO;
				CLANG_ANALYZER_LOCALIZABILITY_NONLOCALIZED = YES;
				CLANG_ANALYZER_NONNULL = YES;
				CLANG_ANALYZER_NUMBER_OBJECT_CONVERSION = YES_AGGRESSIVE;
				CLANG_CXX_LANGUAGE_STANDARD = "gnu++14";
				CLANG_CXX_LIBRARY = "libc++";
				CLANG_ENABLE_MODULES = YES;
				CLANG_ENABLE_OBJC_ARC = YES;
				CLANG_ENABLE_OBJC_WEAK = YES;
				CLANG_WARN_BLOCK_CAPTURE_AUTORELEASING = YES;
				CLANG_WARN_BOOL_CONVERSION = YES;
				CLANG_WARN_COMMA = YES;
				CLANG_WARN_CONSTANT_CONVERSION = YES;
				CLANG_WARN_DEPRECATED_OBJC_IMPLEMENTATIONS = YES;
				CLANG_WARN_DIRECT_OBJC_ISA_USAGE = YES_ERROR;
				CLANG_WARN_DOCUMENTATION_COMMENTS = YES;
				CLANG_WARN_EMPTY_BODY = YES;
				CLANG_WARN_ENUM_CONVERSION = YES;
				CLANG_WARN_INFINITE_RECURSION = YES;
				CLANG_WARN_INT_CONVERSION = YES;
				CLANG_WARN_NON_LITERAL_NULL_CONVERSION = YES;
				CLANG_WARN_OBJC_IMPLICIT_RETAIN_SELF = YES;
				CLANG_WARN_OBJC_LITERAL_CONVERSION = YES;
				CLANG_WARN_OBJC_ROOT_CLASS = YES_ERROR;
				CLANG_WARN_RANGE_LOOP_ANALYSIS = YES;
				CLANG_WARN_STRICT_PROTOTYPES = YES;
				CLANG_WARN_SUSPICIOUS_MOVE = YES;
				CLANG_WARN_UNGUARDED_AVAILABILITY = YES_AGGRESSIVE;
				CLANG_WARN_UNREACHABLE_CODE = YES;
				CLANG_WARN__DUPLICATE_METHOD_MATCH = YES;
				CODE_SIGN_IDENTITY = "iPhone Developer";
				COPY_PHASE_STRIP = NO;
				DEBUG_INFORMATION_FORMAT = dwarf;
				ENABLE_STRICT_OBJC_MSGSEND = YES;
				ENABLE_TESTABILITY = YES;
				GCC_C_LANGUAGE_STANDARD = gnu11;
				GCC_DYNAMIC_NO_PIC = NO;
				GCC_NO_COMMON_BLOCKS = YES;
				GCC_OPTIMIZATION_LEVEL = 0;
				GCC_PREPROCESSOR_DEFINITIONS = (
					"DEBUG=1",
					"$(inherited)",
				);
				GCC_WARN_64_TO_32_BIT_CONVERSION = YES;
				GCC_WARN_ABOUT_RETURN_TYPE = YES_ERROR;
				GCC_WARN_UNDECLARED_SELECTOR = YES;
				GCC_WARN_UNINITIALIZED_AUTOS = YES_AGGRESSIVE;
				GCC_WARN_UNUSED_FUNCTION = YES;
				GCC_WARN_UNUSED_VARIABLE = YES;
				IPHONEOS_DEPLOYMENT_TARGET = 17.6;
				LOCALIZATION_PREFERS_STRING_CATALOGS = YES;
				LOCALIZED_STRING_SWIFT_SYMBOLS_GENERATION = YES;
				MTL_ENABLE_DEBUG_INFO = YES;
				ONLY_ACTIVE_ARCH = YES;
				SDKROOT = iphoneos;
				STRING_CATALOG_GENERATE_SYMBOLS = YES;
				SWIFT_ACTIVE_COMPILATION_CONDITIONS = DEBUG;
				SWIFT_EMIT_LOC_STRINGS = YES;
				SWIFT_OPTIMIZATION_LEVEL = "-Onone";
				SWIFT_VERSION = 6.0;
			};
			name = Debug;
		};
		11E84E0D208CD56C003A8F88 /* Release */ = {
			isa = XCBuildConfiguration;
			buildSettings = {
				ALWAYS_SEARCH_USER_PATHS = NO;
				CLANG_ANALYZER_LOCALIZABILITY_NONLOCALIZED = YES;
				CLANG_ANALYZER_NONNULL = YES;
				CLANG_ANALYZER_NUMBER_OBJECT_CONVERSION = YES_AGGRESSIVE;
				CLANG_CXX_LANGUAGE_STANDARD = "gnu++14";
				CLANG_CXX_LIBRARY = "libc++";
				CLANG_ENABLE_MODULES = YES;
				CLANG_ENABLE_OBJC_ARC = YES;
				CLANG_ENABLE_OBJC_WEAK = YES;
				CLANG_WARN_BLOCK_CAPTURE_AUTORELEASING = YES;
				CLANG_WARN_BOOL_CONVERSION = YES;
				CLANG_WARN_COMMA = YES;
				CLANG_WARN_CONSTANT_CONVERSION = YES;
				CLANG_WARN_DEPRECATED_OBJC_IMPLEMENTATIONS = YES;
				CLANG_WARN_DIRECT_OBJC_ISA_USAGE = YES_ERROR;
				CLANG_WARN_DOCUMENTATION_COMMENTS = YES;
				CLANG_WARN_EMPTY_BODY = YES;
				CLANG_WARN_ENUM_CONVERSION = YES;
				CLANG_WARN_INFINITE_RECURSION = YES;
				CLANG_WARN_INT_CONVERSION = YES;
				CLANG_WARN_NON_LITERAL_NULL_CONVERSION = YES;
				CLANG_WARN_OBJC_IMPLICIT_RETAIN_SELF = YES;
				CLANG_WARN_OBJC_LITERAL_CONVERSION = YES;
				CLANG_WARN_OBJC_ROOT_CLASS = YES_ERROR;
				CLANG_WARN_RANGE_LOOP_ANALYSIS = YES;
				CLANG_WARN_STRICT_PROTOTYPES = YES;
				CLANG_WARN_SUSPICIOUS_MOVE = YES;
				CLANG_WARN_UNGUARDED_AVAILABILITY = YES_AGGRESSIVE;
				CLANG_WARN_UNREACHABLE_CODE = YES;
				CLANG_WARN__DUPLICATE_METHOD_MATCH = YES;
				CODE_SIGN_IDENTITY = "iPhone Developer";
				COPY_PHASE_STRIP = NO;
				DEBUG_INFORMATION_FORMAT = "dwarf-with-dsym";
				ENABLE_NS_ASSERTIONS = NO;
				ENABLE_STRICT_OBJC_MSGSEND = YES;
				GCC_C_LANGUAGE_STANDARD = gnu11;
				GCC_NO_COMMON_BLOCKS = YES;
				GCC_WARN_64_TO_32_BIT_CONVERSION = YES;
				GCC_WARN_ABOUT_RETURN_TYPE = YES_ERROR;
				GCC_WARN_UNDECLARED_SELECTOR = YES;
				GCC_WARN_UNINITIALIZED_AUTOS = YES_AGGRESSIVE;
				GCC_WARN_UNUSED_FUNCTION = YES;
				GCC_WARN_UNUSED_VARIABLE = YES;
				IPHONEOS_DEPLOYMENT_TARGET = 17.6;
				LOCALIZATION_PREFERS_STRING_CATALOGS = YES;
				LOCALIZED_STRING_SWIFT_SYMBOLS_GENERATION = YES;
				MTL_ENABLE_DEBUG_INFO = NO;
				SDKROOT = iphoneos;
				STRING_CATALOG_GENERATE_SYMBOLS = YES;
				SWIFT_COMPILATION_MODE = wholemodule;
				SWIFT_EMIT_LOC_STRINGS = YES;
				SWIFT_OPTIMIZATION_LEVEL = "-O";
				SWIFT_VERSION = 6.0;
				VALIDATE_PRODUCT = YES;
			};
			name = Release;
		};
		11E84E0F208CD56C003A8F88 /* Debug */ = {
			isa = XCBuildConfiguration;
			buildSettings = {
				ASSETCATALOG_COMPILER_APPICON_NAME = AppIcon;
				CLANG_ENABLE_MODULES = YES;
				CODE_SIGN_IDENTITY = "iPhone Developer";
				CODE_SIGN_STYLE = Automatic;
				CURRENT_PROJECT_VERSION = 1;
				DEBUG_INFORMATION_FORMAT = "dwarf-with-dsym";
				DEVELOPMENT_TEAM = 285BYEPY9U;
				FRAMEWORK_SEARCH_PATHS = (
					"$(inherited)",
					"$(PROJECT_DIR)",
				);
				INFOPLIST_FILE = MetaX/Info.plist;
				INFOPLIST_KEY_CFBundleDisplayName = MetaX;
				INFOPLIST_KEY_LSApplicationCategoryType = "public.app-category.photography";
				IPHONEOS_DEPLOYMENT_TARGET = 17.6;
				LD_RUNPATH_SEARCH_PATHS = (
					"$(inherited)",
					"@executable_path/Frameworks",
				);
				MARKETING_VERSION = 2.1.0;
				PRODUCT_BUNDLE_IDENTIFIER = ckitakishi.com.MetaX;
				PRODUCT_NAME = "$(TARGET_NAME)";
				PROVISIONING_PROFILE = "";
				PROVISIONING_PROFILE_SPECIFIER = "";
				SUPPORTED_PLATFORMS = "iphoneos iphonesimulator";
				SUPPORTS_MACCATALYST = NO;
				SUPPORTS_MAC_DESIGNED_FOR_IPHONE_IPAD = NO;
				SUPPORTS_XR_DESIGNED_FOR_IPHONE_IPAD = NO;
				SWIFT_OBJC_BRIDGING_HEADER = "";
				SWIFT_OPTIMIZATION_LEVEL = "-Onone";
				SWIFT_VERSION = 6.0;
				TARGETED_DEVICE_FAMILY = "1,2";
			};
			name = Debug;
		};
		11E84E10208CD56C003A8F88 /* Release */ = {
			isa = XCBuildConfiguration;
			buildSettings = {
				ASSETCATALOG_COMPILER_APPICON_NAME = AppIcon;
				CLANG_ENABLE_MODULES = YES;
				CODE_SIGN_IDENTITY = "iPhone Developer";
				CODE_SIGN_STYLE = Automatic;
				CURRENT_PROJECT_VERSION = 1;
				DEVELOPMENT_TEAM = 285BYEPY9U;
				FRAMEWORK_SEARCH_PATHS = (
					"$(inherited)",
					"$(PROJECT_DIR)",
				);
				INFOPLIST_FILE = MetaX/Info.plist;
				INFOPLIST_KEY_CFBundleDisplayName = MetaX;
				INFOPLIST_KEY_LSApplicationCategoryType = "public.app-category.photography";
				IPHONEOS_DEPLOYMENT_TARGET = 17.6;
				LD_RUNPATH_SEARCH_PATHS = (
					"$(inherited)",
					"@executable_path/Frameworks",
				);
				MARKETING_VERSION = 2.1.0;
				PRODUCT_BUNDLE_IDENTIFIER = ckitakishi.com.MetaX;
				PRODUCT_NAME = "$(TARGET_NAME)";
				PROVISIONING_PROFILE = "";
				PROVISIONING_PROFILE_SPECIFIER = "";
				SUPPORTED_PLATFORMS = "iphoneos iphonesimulator";
				SUPPORTS_MACCATALYST = NO;
				SUPPORTS_MAC_DESIGNED_FOR_IPHONE_IPAD = NO;
				SUPPORTS_XR_DESIGNED_FOR_IPHONE_IPAD = NO;
				SWIFT_OBJC_BRIDGING_HEADER = "";
				SWIFT_VERSION = 6.0;
				TARGETED_DEVICE_FAMILY = "1,2";
			};
			name = Release;
		};
		11E84E12208CD56C003A8F88 /* Debug */ = {
			isa = XCBuildConfiguration;
			buildSettings = {
				ALWAYS_EMBED_SWIFT_STANDARD_LIBRARIES = YES;
				BUNDLE_LOADER = "$(TEST_HOST)";
				CODE_SIGN_STYLE = Automatic;
				DEVELOPMENT_TEAM = 285BYEPY9U;
				INFOPLIST_FILE = MetaXTests/Info.plist;
				LD_RUNPATH_SEARCH_PATHS = (
					"$(inherited)",
					"@executable_path/Frameworks",
					"@loader_path/Frameworks",
				);
				PRODUCT_BUNDLE_IDENTIFIER = ckitakishi.com.MetaXTests;
				PRODUCT_NAME = "$(TARGET_NAME)";
				SWIFT_VERSION = 5.0;
				TARGETED_DEVICE_FAMILY = "1,2";
				TEST_HOST = "$(BUILT_PRODUCTS_DIR)/MetaX.app/MetaX";
			};
			name = Debug;
		};
		11E84E13208CD56C003A8F88 /* Release */ = {
			isa = XCBuildConfiguration;
			buildSettings = {
				ALWAYS_EMBED_SWIFT_STANDARD_LIBRARIES = YES;
				BUNDLE_LOADER = "$(TEST_HOST)";
				CODE_SIGN_STYLE = Automatic;
				DEVELOPMENT_TEAM = 285BYEPY9U;
				INFOPLIST_FILE = MetaXTests/Info.plist;
				LD_RUNPATH_SEARCH_PATHS = (
					"$(inherited)",
					"@executable_path/Frameworks",
					"@loader_path/Frameworks",
				);
				PRODUCT_BUNDLE_IDENTIFIER = ckitakishi.com.MetaXTests;
				PRODUCT_NAME = "$(TARGET_NAME)";
				SWIFT_VERSION = 5.0;
				TARGETED_DEVICE_FAMILY = "1,2";
				TEST_HOST = "$(BUILT_PRODUCTS_DIR)/MetaX.app/MetaX";
			};
			name = Release;
		};
/* End XCBuildConfiguration section */

/* Begin XCConfigurationList section */
		11E84DEC208CD56A003A8F88 /* Build configuration list for PBXProject "MetaX" */ = {
			isa = XCConfigurationList;
			buildConfigurations = (
				11E84E0C208CD56C003A8F88 /* Debug */,
				11E84E0D208CD56C003A8F88 /* Release */,
			);
			defaultConfigurationIsVisible = 0;
			defaultConfigurationName = Release;
		};
		11E84E0E208CD56C003A8F88 /* Build configuration list for PBXNativeTarget "MetaX" */ = {
			isa = XCConfigurationList;
			buildConfigurations = (
				11E84E0F208CD56C003A8F88 /* Debug */,
				11E84E10208CD56C003A8F88 /* Release */,
			);
			defaultConfigurationIsVisible = 0;
			defaultConfigurationName = Release;
		};
		11E84E11208CD56C003A8F88 /* Build configuration list for PBXNativeTarget "MetaXTests" */ = {
			isa = XCConfigurationList;
			buildConfigurations = (
				11E84E12208CD56C003A8F88 /* Debug */,
				11E84E13208CD56C003A8F88 /* Release */,
			);
			defaultConfigurationIsVisible = 0;
			defaultConfigurationName = Release;
		};
/* End XCConfigurationList section */
	};
	rootObject = 11E84DE9208CD56A003A8F88 /* Project object */;
}
