// !$*UTF8*$!
{
	archiveVersion = 1;
	classes = {
	};
	objectVersion = 54;
	objects = {

/* Begin PBXBuildFile section */
		11E84E0A208CD56C003A8F88 /* MetaXTests.swift in Sources */ = {isa = PBXBuildFile; fileRef = 11E84E09208CD56C003A8F88 /* MetaXTests.swift */; };
		11E84E40208CD635003A8F88 /* EditableButton.swift in Sources */ = {isa = PBXBuildFile; fileRef = 11E84E16208CD634003A8F88 /* EditableButton.swift */; };
		11E84E42208CD635003A8F88 /* CellConfig.swift in Sources */ = {isa = PBXBuildFile; fileRef = 11E84E19208CD634003A8F88 /* CellConfig.swift */; };
		11E84E43208CD635003A8F88 /* CellReusable.swift in Sources */ = {isa = PBXBuildFile; fileRef = 11E84E1A208CD634003A8F88 /* CellReusable.swift */; };
		11E84E45208CD635003A8F88 /* CLLocationExtension.swift in Sources */ = {isa = PBXBuildFile; fileRef = 11E84E1D208CD634003A8F88 /* CLLocationExtension.swift */; };
		11E84E46208CD635003A8F88 /* SVProgressHUDExtension.swift in Sources */ = {isa = PBXBuildFile; fileRef = 11E84E1E208CD634003A8F88 /* SVProgressHUDExtension.swift */; };
		11E84E47208CD635003A8F88 /* PHPhotoLibraryExtension.swift in Sources */ = {isa = PBXBuildFile; fileRef = 11E84E1F208CD634003A8F88 /* PHPhotoLibraryExtension.swift */; };
		11E84E48208CD635003A8F88 /* UIViewExtension.swift in Sources */ = {isa = PBXBuildFile; fileRef = 11E84E20208CD634003A8F88 /* UIViewExtension.swift */; };
		11E84E49208CD635003A8F88 /* StringExtension.swift in Sources */ = {isa = PBXBuildFile; fileRef = 11E84E21208CD634003A8F88 /* StringExtension.swift */; };
		11E84E4A208CD635003A8F88 /* PHAssetCollectionExtension.swift in Sources */ = {isa = PBXBuildFile; fileRef = 11E84E22208CD634003A8F88 /* PHAssetCollectionExtension.swift */; };
		11E84E4B208CD635003A8F88 /* DateFormatterExtension.swift in Sources */ = {isa = PBXBuildFile; fileRef = 11E84E23208CD634003A8F88 /* DateFormatterExtension.swift */; };
		11E84E4C208CD635003A8F88 /* Metadata.swift in Sources */ = {isa = PBXBuildFile; fileRef = 11E84E25208CD634003A8F88 /* Metadata.swift */; };
		11E84E4D208CD635003A8F88 /* MetadataPlus.plist in Resources */ = {isa = PBXBuildFile; fileRef = 11E84E26208CD634003A8F88 /* MetadataPlus.plist */; };
		11E84E4E208CD635003A8F88 /* DetailCellModel.swift in Sources */ = {isa = PBXBuildFile; fileRef = 11E84E27208CD634003A8F88 /* DetailCellModel.swift */; };
		11E84E4F208CD635003A8F88 /* LocationModel.swift in Sources */ = {isa = PBXBuildFile; fileRef = 11E84E28208CD634003A8F88 /* LocationModel.swift */; };
		11E84E50208CD635003A8F88 /* DetailTableViewCell.swift in Sources */ = {isa = PBXBuildFile; fileRef = 11E84E2A208CD634003A8F88 /* DetailTableViewCell.swift */; };
		11E84E52208CD635003A8F88 /* AlbumTableViewCell.swift in Sources */ = {isa = PBXBuildFile; fileRef = 11E84E2C208CD634003A8F88 /* AlbumTableViewCell.swift */; };
		11E84E53208CD635003A8F88 /* LocationTableViewCell.swift in Sources */ = {isa = PBXBuildFile; fileRef = 11E84E2D208CD634003A8F88 /* LocationTableViewCell.swift */; };
		11E84E54208CD635003A8F88 /* DetailSectionHeaderView.swift in Sources */ = {isa = PBXBuildFile; fileRef = 11E84E2E208CD634003A8F88 /* DetailSectionHeaderView.swift */; };
		11E84E55208CD635003A8F88 /* AuthLockView.swift in Sources */ = {isa = PBXBuildFile; fileRef = 11E84E2F208CD634003A8F88 /* AuthLockView.swift */; };
		11E84E56208CD635003A8F88 /* PhotoCollectionViewCell.swift in Sources */ = {isa = PBXBuildFile; fileRef = 11E84E30208CD634003A8F88 /* PhotoCollectionViewCell.swift */; };
		11E84E58208CD635003A8F88 /* ZoomTransition.swift in Sources */ = {isa = PBXBuildFile; fileRef = 11E84E33208CD635003A8F88 /* ZoomTransition.swift */; };
		11E84E59208CD635003A8F88 /* BaseTableViewDataSource.swift in Sources */ = {isa = PBXBuildFile; fileRef = 11E84E34208CD635003A8F88 /* BaseTableViewDataSource.swift */; };
		11E84E5B208CD635003A8F88 /* Rational.swift in Sources */ = {isa = PBXBuildFile; fileRef = 11E84E36208CD635003A8F88 /* Rational.swift */; };
		11E84E5C208CD635003A8F88 /* AppDelegate.swift in Sources */ = {isa = PBXBuildFile; fileRef = 11E84E37208CD635003A8F88 /* AppDelegate.swift */; };
		11E84E5D208CD635003A8F88 /* DetailInfoViewController.swift in Sources */ = {isa = PBXBuildFile; fileRef = 11E84E39208CD635003A8F88 /* DetailInfoViewController.swift */; };
		11E84E5E208CD635003A8F88 /* LocationSearchViewController.swift in Sources */ = {isa = PBXBuildFile; fileRef = 11E84E3A208CD635003A8F88 /* LocationSearchViewController.swift */; };
		11E84E5F208CD635003A8F88 /* AlbumViewController.swift in Sources */ = {isa = PBXBuildFile; fileRef = 11E84E3B208CD635003A8F88 /* AlbumViewController.swift */; };
		11E84E60208CD635003A8F88 /* PhotoGridViewController.swift in Sources */ = {isa = PBXBuildFile; fileRef = 11E84E3C208CD635003A8F88 /* PhotoGridViewController.swift */; };
		11E84E61208CD635003A8F88 /* DetailDataPickerPopover.swift in Sources */ = {isa = PBXBuildFile; fileRef = 11E84E3D208CD635003A8F88 /* DetailDataPickerPopover.swift */; };
		11E84E62208CD635003A8F88 /* Assets.xcassets in Resources */ = {isa = PBXBuildFile; fileRef = 11E84E3E208CD635003A8F88 /* Assets.xcassets */; };
		11E84E74208CDBE9003A8F88 /* InfoPlist.strings in Resources */ = {isa = PBXBuildFile; fileRef = 11E84E76208CDBE9003A8F88 /* InfoPlist.strings */; };
		11E84E80208CDC62003A8F88 /* Localizable.strings in Resources */ = {isa = PBXBuildFile; fileRef = 11E84E82208CDC62003A8F88 /* Localizable.strings */; };
		56D07E202F31000000000001 /* MetaXError.swift in Sources */ = {isa = PBXBuildFile; fileRef = 56D07E212F31000000000001 /* MetaXError.swift */; };
		56D07E222F31000000000002 /* PhotoLibraryServiceProtocol.swift in Sources */ = {isa = PBXBuildFile; fileRef = 56D07E232F31000000000002 /* PhotoLibraryServiceProtocol.swift */; };
		56D07E242F31000000000003 /* PhotoLibraryService.swift in Sources */ = {isa = PBXBuildFile; fileRef = 56D07E252F31000000000003 /* PhotoLibraryService.swift */; };
		56D07E2A2F31000000000010 /* MetadataServiceProtocol.swift in Sources */ = {isa = PBXBuildFile; fileRef = 56D07E2B2F31000000000010 /* MetadataServiceProtocol.swift */; };
		56D07E2C2F31000000000011 /* MetadataService.swift in Sources */ = {isa = PBXBuildFile; fileRef = 56D07E2D2F31000000000011 /* MetadataService.swift */; };
		56D07E2E2F31000000000012 /* ImageSaveService.swift in Sources */ = {isa = PBXBuildFile; fileRef = 56D07E2F2F31000000000012 /* ImageSaveService.swift */; };
		56D07E312F31000000000020 /* DetailInfoViewModel.swift in Sources */ = {isa = PBXBuildFile; fileRef = 56D07E322F31000000000020 /* DetailInfoViewModel.swift */; };
		56D07E352F31000000000023 /* AlbumViewModel.swift in Sources */ = {isa = PBXBuildFile; fileRef = 56D07E342F31000000000022 /* AlbumViewModel.swift */; };
		56D07E372F31000000000025 /* PhotoGridViewModel.swift in Sources */ = {isa = PBXBuildFile; fileRef = 56D07E362F31000000000024 /* PhotoGridViewModel.swift */; };
		56D07E392F31000000000027 /* LocationSearchViewModel.swift in Sources */ = {isa = PBXBuildFile; fileRef = 56D07E382F31000000000026 /* LocationSearchViewModel.swift */; };
		56D07E3B2F31000000000029 /* ViewModelObserving.swift in Sources */ = {isa = PBXBuildFile; fileRef = 56D07E3A2F31000000000028 /* ViewModelObserving.swift */; };
		56D07E3D2F31000000000030 /* SceneDelegate.swift in Sources */ = {isa = PBXBuildFile; fileRef = 56D07E3C2F31000000000030 /* SceneDelegate.swift */; };
		56F001B12F30F46100C9F951 /* SVProgressHUD in Frameworks */ = {isa = PBXBuildFile; productRef = 56F001B02F30F46100C9F951 /* SVProgressHUD */; };
		56F001B32F30F46100C9F951 /* RswiftLibrary in Frameworks */ = {isa = PBXBuildFile; productRef = 56F001B22F30F46100C9F951 /* RswiftLibrary */; };
		56F001B52F30F46E00C9F951 /* rswift in Frameworks */ = {isa = PBXBuildFile; productRef = 56F001B42F30F46E00C9F951 /* rswift */; };
/* End PBXBuildFile section */

/* Begin PBXContainerItemProxy section */
		11E84E06208CD56C003A8F88 /* PBXContainerItemProxy */ = {
			isa = PBXContainerItemProxy;
			containerPortal = 11E84DE9208CD56A003A8F88 /* Project object */;
			proxyType = 1;
			remoteGlobalIDString = 11E84DF0208CD56A003A8F88;
			remoteInfo = MetaX;
		};
/* End PBXContainerItemProxy section */

/* Begin PBXFileReference section */
		11E84DF1208CD56A003A8F88 /* MetaX.app */ = {isa = PBXFileReference; explicitFileType = wrapper.application; includeInIndex = 0; path = MetaX.app; sourceTree = BUILT_PRODUCTS_DIR; };
		11E84E00208CD56C003A8F88 /* Info.plist */ = {isa = PBXFileReference; lastKnownFileType = text.plist.xml; path = Info.plist; sourceTree = "<group>"; };
		11E84E05208CD56C003A8F88 /* MetaXTests.xctest */ = {isa = PBXFileReference; explicitFileType = wrapper.cfbundle; includeInIndex = 0; path = MetaXTests.xctest; sourceTree = BUILT_PRODUCTS_DIR; };
		11E84E09208CD56C003A8F88 /* MetaXTests.swift */ = {isa = PBXFileReference; lastKnownFileType = sourcecode.swift; path = MetaXTests.swift; sourceTree = "<group>"; };
		11E84E0B208CD56C003A8F88 /* Info.plist */ = {isa = PBXFileReference; lastKnownFileType = text.plist.xml; path = Info.plist; sourceTree = "<group>"; };
		11E84E16208CD634003A8F88 /* EditableButton.swift */ = {isa = PBXFileReference; fileEncoding = 4; lastKnownFileType = sourcecode.swift; path = EditableButton.swift; sourceTree = "<group>"; };
		11E84E19208CD634003A8F88 /* CellConfig.swift */ = {isa = PBXFileReference; fileEncoding = 4; lastKnownFileType = sourcecode.swift; path = CellConfig.swift; sourceTree = "<group>"; };
		11E84E1A208CD634003A8F88 /* CellReusable.swift */ = {isa = PBXFileReference; fileEncoding = 4; lastKnownFileType = sourcecode.swift; path = CellReusable.swift; sourceTree = "<group>"; };
		11E84E1D208CD634003A8F88 /* CLLocationExtension.swift */ = {isa = PBXFileReference; fileEncoding = 4; lastKnownFileType = sourcecode.swift; path = CLLocationExtension.swift; sourceTree = "<group>"; };
		11E84E1E208CD634003A8F88 /* SVProgressHUDExtension.swift */ = {isa = PBXFileReference; fileEncoding = 4; lastKnownFileType = sourcecode.swift; path = SVProgressHUDExtension.swift; sourceTree = "<group>"; };
		11E84E1F208CD634003A8F88 /* PHPhotoLibraryExtension.swift */ = {isa = PBXFileReference; fileEncoding = 4; lastKnownFileType = sourcecode.swift; path = PHPhotoLibraryExtension.swift; sourceTree = "<group>"; };
		11E84E20208CD634003A8F88 /* UIViewExtension.swift */ = {isa = PBXFileReference; fileEncoding = 4; lastKnownFileType = sourcecode.swift; path = UIViewExtension.swift; sourceTree = "<group>"; };
		11E84E21208CD634003A8F88 /* StringExtension.swift */ = {isa = PBXFileReference; fileEncoding = 4; lastKnownFileType = sourcecode.swift; path = StringExtension.swift; sourceTree = "<group>"; };
		11E84E22208CD634003A8F88 /* PHAssetCollectionExtension.swift */ = {isa = PBXFileReference; fileEncoding = 4; lastKnownFileType = sourcecode.swift; path = PHAssetCollectionExtension.swift; sourceTree = "<group>"; };
		11E84E23208CD634003A8F88 /* DateFormatterExtension.swift */ = {isa = PBXFileReference; fileEncoding = 4; lastKnownFileType = sourcecode.swift; path = DateFormatterExtension.swift; sourceTree = "<group>"; };
		11E84E25208CD634003A8F88 /* Metadata.swift */ = {isa = PBXFileReference; fileEncoding = 4; lastKnownFileType = sourcecode.swift; path = Metadata.swift; sourceTree = "<group>"; };
		11E84E26208CD634003A8F88 /* MetadataPlus.plist */ = {isa = PBXFileReference; fileEncoding = 4; lastKnownFileType = text.plist.xml; path = MetadataPlus.plist; sourceTree = "<group>"; };
		11E84E27208CD634003A8F88 /* DetailCellModel.swift */ = {isa = PBXFileReference; fileEncoding = 4; lastKnownFileType = sourcecode.swift; path = DetailCellModel.swift; sourceTree = "<group>"; };
		11E84E28208CD634003A8F88 /* LocationModel.swift */ = {isa = PBXFileReference; fileEncoding = 4; lastKnownFileType = sourcecode.swift; path = LocationModel.swift; sourceTree = "<group>"; };
		11E84E2A208CD634003A8F88 /* DetailTableViewCell.swift */ = {isa = PBXFileReference; fileEncoding = 4; lastKnownFileType = sourcecode.swift; path = DetailTableViewCell.swift; sourceTree = "<group>"; };
		11E84E2C208CD634003A8F88 /* AlbumTableViewCell.swift */ = {isa = PBXFileReference; fileEncoding = 4; lastKnownFileType = sourcecode.swift; path = AlbumTableViewCell.swift; sourceTree = "<group>"; };
		11E84E2D208CD634003A8F88 /* LocationTableViewCell.swift */ = {isa = PBXFileReference; fileEncoding = 4; lastKnownFileType = sourcecode.swift; path = LocationTableViewCell.swift; sourceTree = "<group>"; };
		11E84E2E208CD634003A8F88 /* DetailSectionHeaderView.swift */ = {isa = PBXFileReference; fileEncoding = 4; lastKnownFileType = sourcecode.swift; path = DetailSectionHeaderView.swift; sourceTree = "<group>"; };
		11E84E2F208CD634003A8F88 /* AuthLockView.swift */ = {isa = PBXFileReference; fileEncoding = 4; lastKnownFileType = sourcecode.swift; path = AuthLockView.swift; sourceTree = "<group>"; };
		11E84E30208CD634003A8F88 /* PhotoCollectionViewCell.swift */ = {isa = PBXFileReference; fileEncoding = 4; lastKnownFileType = sourcecode.swift; path = PhotoCollectionViewCell.swift; sourceTree = "<group>"; };
		11E84E33208CD635003A8F88 /* ZoomTransition.swift */ = {isa = PBXFileReference; fileEncoding = 4; lastKnownFileType = sourcecode.swift; path = ZoomTransition.swift; sourceTree = "<group>"; };
		11E84E34208CD635003A8F88 /* BaseTableViewDataSource.swift */ = {isa = PBXFileReference; fileEncoding = 4; lastKnownFileType = sourcecode.swift; path = BaseTableViewDataSource.swift; sourceTree = "<group>"; };
		11E84E36208CD635003A8F88 /* Rational.swift */ = {isa = PBXFileReference; fileEncoding = 4; lastKnownFileType = sourcecode.swift; path = Rational.swift; sourceTree = "<group>"; };
		11E84E37208CD635003A8F88 /* AppDelegate.swift */ = {isa = PBXFileReference; fileEncoding = 4; lastKnownFileType = sourcecode.swift; path = AppDelegate.swift; sourceTree = "<group>"; };
		11E84E39208CD635003A8F88 /* DetailInfoViewController.swift */ = {isa = PBXFileReference; fileEncoding = 4; lastKnownFileType = sourcecode.swift; path = DetailInfoViewController.swift; sourceTree = "<group>"; };
		11E84E3A208CD635003A8F88 /* LocationSearchViewController.swift */ = {isa = PBXFileReference; fileEncoding = 4; lastKnownFileType = sourcecode.swift; path = LocationSearchViewController.swift; sourceTree = "<group>"; };
		11E84E3B208CD635003A8F88 /* AlbumViewController.swift */ = {isa = PBXFileReference; fileEncoding = 4; lastKnownFileType = sourcecode.swift; path = AlbumViewController.swift; sourceTree = "<group>"; };
		11E84E3C208CD635003A8F88 /* PhotoGridViewController.swift */ = {isa = PBXFileReference; fileEncoding = 4; lastKnownFileType = sourcecode.swift; path = PhotoGridViewController.swift; sourceTree = "<group>"; };
		11E84E3D208CD635003A8F88 /* DetailDataPickerPopover.swift */ = {isa = PBXFileReference; fileEncoding = 4; lastKnownFileType = sourcecode.swift; path = DetailDataPickerPopover.swift; sourceTree = "<group>"; };
		11E84E3E208CD635003A8F88 /* Assets.xcassets */ = {isa = PBXFileReference; lastKnownFileType = folder.assetcatalog; path = Assets.xcassets; sourceTree = "<group>"; };
		11E84E77208CDBFD003A8F88 /* zh-Hans */ = {isa = PBXFileReference; lastKnownFileType = text.plist.strings; name = "zh-Hans"; path = "zh-Hans.lproj/InfoPlist.strings"; sourceTree = "<group>"; };
		11E84E78208CDC04003A8F88 /* ja */ = {isa = PBXFileReference; lastKnownFileType = text.plist.strings; name = ja; path = ja.lproj/InfoPlist.strings; sourceTree = "<group>"; };
		11E84E7A208CDC1C003A8F88 /* Base */ = {isa = PBXFileReference; lastKnownFileType = file.storyboard; name = Base; path = Base.lproj/Main.storyboard; sourceTree = "<group>"; };
		11E84E7D208CDC23003A8F88 /* zh-Hans */ = {isa = PBXFileReference; lastKnownFileType = text.plist.strings; name = "zh-Hans"; path = "zh-Hans.lproj/Main.strings"; sourceTree = "<group>"; };
		11E84E7F208CDC25003A8F88 /* ja */ = {isa = PBXFileReference; lastKnownFileType = text.plist.strings; name = ja; path = ja.lproj/Main.strings; sourceTree = "<group>"; };
		11E84E81208CDC62003A8F88 /* zh-Hans */ = {isa = PBXFileReference; lastKnownFileType = text.plist.strings; name = "zh-Hans"; path = "zh-Hans.lproj/Localizable.strings"; sourceTree = "<group>"; };
		11E84E83208CDC6E003A8F88 /* Base */ = {isa = PBXFileReference; lastKnownFileType = text.plist.strings; name = Base; path = Base.lproj/Localizable.strings; sourceTree = "<group>"; };
		11E84E84208CDC70003A8F88 /* ja */ = {isa = PBXFileReference; lastKnownFileType = text.plist.strings; name = ja; path = ja.lproj/Localizable.strings; sourceTree = "<group>"; };
		448E7275208DA33D00D6F683 /* Base */ = {isa = PBXFileReference; lastKnownFileType = text.plist.strings; name = Base; path = Base.lproj/InfoPlist.strings; sourceTree = "<group>"; };
		56D07E212F31000000000001 /* MetaXError.swift */ = {isa = PBXFileReference; lastKnownFileType = sourcecode.swift; path = MetaXError.swift; sourceTree = "<group>"; };
		56D07E232F31000000000002 /* PhotoLibraryServiceProtocol.swift */ = {isa = PBXFileReference; lastKnownFileType = sourcecode.swift; path = PhotoLibraryServiceProtocol.swift; sourceTree = "<group>"; };
		56D07E252F31000000000003 /* PhotoLibraryService.swift */ = {isa = PBXFileReference; lastKnownFileType = sourcecode.swift; path = PhotoLibraryService.swift; sourceTree = "<group>"; };
		56D07E2B2F31000000000010 /* MetadataServiceProtocol.swift */ = {isa = PBXFileReference; lastKnownFileType = sourcecode.swift; path = MetadataServiceProtocol.swift; sourceTree = "<group>"; };
		56D07E2D2F31000000000011 /* MetadataService.swift */ = {isa = PBXFileReference; lastKnownFileType = sourcecode.swift; path = MetadataService.swift; sourceTree = "<group>"; };
		56D07E2F2F31000000000012 /* ImageSaveService.swift */ = {isa = PBXFileReference; lastKnownFileType = sourcecode.swift; path = ImageSaveService.swift; sourceTree = "<group>"; };
		56D07E322F31000000000020 /* DetailInfoViewModel.swift */ = {isa = PBXFileReference; lastKnownFileType = sourcecode.swift; path = DetailInfoViewModel.swift; sourceTree = "<group>"; };
		56D07E342F31000000000022 /* AlbumViewModel.swift */ = {isa = PBXFileReference; lastKnownFileType = sourcecode.swift; path = AlbumViewModel.swift; sourceTree = "<group>"; };
		56D07E362F31000000000024 /* PhotoGridViewModel.swift */ = {isa = PBXFileReference; lastKnownFileType = sourcecode.swift; path = PhotoGridViewModel.swift; sourceTree = "<group>"; };
		56D07E382F31000000000026 /* LocationSearchViewModel.swift */ = {isa = PBXFileReference; lastKnownFileType = sourcecode.swift; path = LocationSearchViewModel.swift; sourceTree = "<group>"; };
		56D07E3A2F31000000000028 /* ViewModelObserving.swift */ = {isa = PBXFileReference; fileEncoding = 4; lastKnownFileType = sourcecode.swift; path = ViewModelObserving.swift; sourceTree = "<group>"; };
		56D07E3C2F31000000000030 /* SceneDelegate.swift */ = {isa = PBXFileReference; lastKnownFileType = sourcecode.swift; path = SceneDelegate.swift; sourceTree = "<group>"; };
/* End PBXFileReference section */

/* Begin PBXFrameworksBuildPhase section */
		11E84DEE208CD56A003A8F88 /* Frameworks */ = {
			isa = PBXFrameworksBuildPhase;
			buildActionMask = 2147483647;
			files = (
				56F001B12F30F46100C9F951 /* SVProgressHUD in Frameworks */,
				56F001B32F30F46100C9F951 /* RswiftLibrary in Frameworks */,
				56F001B52F30F46E00C9F951 /* rswift in Frameworks */,
			);
			runOnlyForDeploymentPostprocessing = 0;
		};
		11E84E02208CD56C003A8F88 /* Frameworks */ = {
			isa = PBXFrameworksBuildPhase;
			buildActionMask = 2147483647;
			files = (
			);
			runOnlyForDeploymentPostprocessing = 0;
		};
/* End PBXFrameworksBuildPhase section */

/* Begin PBXGroup section */
		11E84DE8208CD56A003A8F88 = {
			isa = PBXGroup;
			children = (
				11E84DF3208CD56A003A8F88 /* MetaX */,
				11E84E08208CD56C003A8F88 /* MetaXTests */,
				11E84DF2208CD56A003A8F88 /* Products */,
				11E84E64208CD7F4003A8F88 /* Frameworks */,
			);
			sourceTree = "<group>";
		};
		11E84DF2208CD56A003A8F88 /* Products */ = {
			isa = PBXGroup;
			children = (
				11E84DF1208CD56A003A8F88 /* MetaX.app */,
				11E84E05208CD56C003A8F88 /* MetaXTests.xctest */,
			);
			name = Products;
			sourceTree = "<group>";
		};
		11E84DF3208CD56A003A8F88 /* MetaX */ = {
			isa = PBXGroup;
			children = (
				56D07E262F31000000000004 /* Core */,
				56D07E282F31000000000006 /* Services */,
				56D07E332F31000000000021 /* ViewModels */,
				11E84E1C208CD634003A8F88 /* Extensions */,
				11E84E18208CD634003A8F88 /* Protocols */,
				11E84E15208CD634003A8F88 /* Components */,
				11E84E38208CD635003A8F88 /* Controllers */,
				11E84E29208CD634003A8F88 /* Views */,
				11E84E24208CD634003A8F88 /* Models */,
				11E84E32208CD635003A8F88 /* Util */,
				11E84E37208CD635003A8F88 /* AppDelegate.swift */,
				56D07E3C2F31000000000030 /* SceneDelegate.swift */,
				11E84E7B208CDC1C003A8F88 /* Main.storyboard */,
				11E84E82208CDC62003A8F88 /* Localizable.strings */,
				11E84E3E208CD635003A8F88 /* Assets.xcassets */,
				11E84E00208CD56C003A8F88 /* Info.plist */,
				11E84E76208CDBE9003A8F88 /* InfoPlist.strings */,
			);
			path = MetaX;
			sourceTree = "<group>";
		};
		11E84E08208CD56C003A8F88 /* MetaXTests */ = {
			isa = PBXGroup;
			children = (
				11E84E09208CD56C003A8F88 /* MetaXTests.swift */,
				11E84E0B208CD56C003A8F88 /* Info.plist */,
			);
			path = MetaXTests;
			sourceTree = "<group>";
		};
		11E84E15208CD634003A8F88 /* Components */ = {
			isa = PBXGroup;
			children = (
				11E84E16208CD634003A8F88 /* EditableButton.swift */,
			);
			path = Components;
			sourceTree = "<group>";
		};
		11E84E18208CD634003A8F88 /* Protocols */ = {
			isa = PBXGroup;
			children = (
				11E84E19208CD634003A8F88 /* CellConfig.swift */,
				11E84E1A208CD634003A8F88 /* CellReusable.swift */,
				56D07E3A2F31000000000028 /* ViewModelObserving.swift */,
			);
			path = Protocols;
			sourceTree = "<group>";
		};
		11E84E1C208CD634003A8F88 /* Extensions */ = {
			isa = PBXGroup;
			children = (
				11E84E1D208CD634003A8F88 /* CLLocationExtension.swift */,
				11E84E1E208CD634003A8F88 /* SVProgressHUDExtension.swift */,
				11E84E1F208CD634003A8F88 /* PHPhotoLibraryExtension.swift */,
				11E84E20208CD634003A8F88 /* UIViewExtension.swift */,
				11E84E21208CD634003A8F88 /* StringExtension.swift */,
				11E84E22208CD634003A8F88 /* PHAssetCollectionExtension.swift */,
				11E84E23208CD634003A8F88 /* DateFormatterExtension.swift */,
			);
			path = Extensions;
			sourceTree = "<group>";
		};
		11E84E24208CD634003A8F88 /* Models */ = {
			isa = PBXGroup;
			children = (
				11E84E25208CD634003A8F88 /* Metadata.swift */,
				11E84E26208CD634003A8F88 /* MetadataPlus.plist */,
				11E84E27208CD634003A8F88 /* DetailCellModel.swift */,
				11E84E28208CD634003A8F88 /* LocationModel.swift */,
			);
			path = Models;
			sourceTree = "<group>";
		};
		11E84E29208CD634003A8F88 /* Views */ = {
			isa = PBXGroup;
			children = (
				11E84E2A208CD634003A8F88 /* DetailTableViewCell.swift */,
				11E84E2C208CD634003A8F88 /* AlbumTableViewCell.swift */,
				11E84E2D208CD634003A8F88 /* LocationTableViewCell.swift */,
				11E84E30208CD634003A8F88 /* PhotoCollectionViewCell.swift */,
				11E84E2F208CD634003A8F88 /* AuthLockView.swift */,
				11E84E2E208CD634003A8F88 /* DetailSectionHeaderView.swift */,
			);
			path = Views;
			sourceTree = "<group>";
		};
		11E84E32208CD635003A8F88 /* Util */ = {
			isa = PBXGroup;
			children = (
				11E84E33208CD635003A8F88 /* ZoomTransition.swift */,
				11E84E34208CD635003A8F88 /* BaseTableViewDataSource.swift */,
				11E84E36208CD635003A8F88 /* Rational.swift */,
			);
			path = Util;
			sourceTree = "<group>";
		};
		11E84E38208CD635003A8F88 /* Controllers */ = {
			isa = PBXGroup;
			children = (
				11E84E39208CD635003A8F88 /* DetailInfoViewController.swift */,
				11E84E3A208CD635003A8F88 /* LocationSearchViewController.swift */,
				11E84E3B208CD635003A8F88 /* AlbumViewController.swift */,
				11E84E3C208CD635003A8F88 /* PhotoGridViewController.swift */,
				11E84E3D208CD635003A8F88 /* DetailDataPickerPopover.swift */,
			);
			path = Controllers;
			sourceTree = "<group>";
		};
		11E84E64208CD7F4003A8F88 /* Frameworks */ = {
			isa = PBXGroup;
			children = (
			);
			name = Frameworks;
			sourceTree = "<group>";
		};
		56D07E262F31000000000004 /* Core */ = {
			isa = PBXGroup;
			children = (
				56D07E272F31000000000005 /* Errors */,
			);
			path = Core;
			sourceTree = "<group>";
		};
		56D07E272F31000000000005 /* Errors */ = {
			isa = PBXGroup;
			children = (
				56D07E212F31000000000001 /* MetaXError.swift */,
			);
			path = Errors;
			sourceTree = "<group>";
		};
		56D07E282F31000000000006 /* Services */ = {
			isa = PBXGroup;
			children = (
				56D07E292F31000000000007 /* PhotoLibrary */,
				56D07E302F31000000000013 /* Metadata */,
			);
			path = Services;
			sourceTree = "<group>";
		};
		56D07E292F31000000000007 /* PhotoLibrary */ = {
			isa = PBXGroup;
			children = (
				56D07E232F31000000000002 /* PhotoLibraryServiceProtocol.swift */,
				56D07E252F31000000000003 /* PhotoLibraryService.swift */,
			);
			path = PhotoLibrary;
			sourceTree = "<group>";
		};
		56D07E302F31000000000013 /* Metadata */ = {
			isa = PBXGroup;
			children = (
				56D07E2B2F31000000000010 /* MetadataServiceProtocol.swift */,
				56D07E2D2F31000000000011 /* MetadataService.swift */,
				56D07E2F2F31000000000012 /* ImageSaveService.swift */,
			);
			path = Metadata;
			sourceTree = "<group>";
		};
		56D07E332F31000000000021 /* ViewModels */ = {
			isa = PBXGroup;
			children = (
				56D07E342F31000000000022 /* AlbumViewModel.swift */,
				56D07E322F31000000000020 /* DetailInfoViewModel.swift */,
				56D07E382F31000000000026 /* LocationSearchViewModel.swift */,
				56D07E362F31000000000024 /* PhotoGridViewModel.swift */,
			);
			path = ViewModels;
			sourceTree = "<group>";
		};
/* End PBXGroup section */

/* Begin PBXNativeTarget section */
		11E84DF0208CD56A003A8F88 /* MetaX */ = {
			isa = PBXNativeTarget;
			buildConfigurationList = 11E84E0E208CD56C003A8F88 /* Build configuration list for PBXNativeTarget "MetaX" */;
			buildPhases = (
				11E84DED208CD56A003A8F88 /* Sources */,
				11E84DEE208CD56A003A8F88 /* Frameworks */,
				11E84DEF208CD56A003A8F88 /* Resources */,
			);
			buildRules = (
			);
			dependencies = (
				56F001E72F30FA4D00C9F951 /* PBXTargetDependency */,
			);
			name = MetaX;
			productName = MetaX;
			productReference = 11E84DF1208CD56A003A8F88 /* MetaX.app */;
			productType = "com.apple.product-type.application";
		};
		11E84E04208CD56C003A8F88 /* MetaXTests */ = {
			isa = PBXNativeTarget;
			buildConfigurationList = 11E84E11208CD56C003A8F88 /* Build configuration list for PBXNativeTarget "MetaXTests" */;
			buildPhases = (
				11E84E01208CD56C003A8F88 /* Sources */,
				11E84E02208CD56C003A8F88 /* Frameworks */,
				11E84E03208CD56C003A8F88 /* Resources */,
			);
			buildRules = (
			);
			dependencies = (
				11E84E07208CD56C003A8F88 /* PBXTargetDependency */,
			);
			name = MetaXTests;
			productName = MetaXTests;
			productReference = 11E84E05208CD56C003A8F88 /* MetaXTests.xctest */;
			productType = "com.apple.product-type.bundle.unit-test";
		};
/* End PBXNativeTarget section */

/* Begin PBXProject section */
		11E84DE9208CD56A003A8F88 /* Project object */ = {
			isa = PBXProject;
			attributes = {
				LastSwiftUpdateCheck = 0930;
				LastUpgradeCheck = 0930;
				ORGANIZATIONNAME = "Yuhan Chen";
				TargetAttributes = {
					11E84DF0208CD56A003A8F88 = {
						CreatedOnToolsVersion = 9.3;
						LastSwiftMigration = 0930;
					};
					11E84E04208CD56C003A8F88 = {
						CreatedOnToolsVersion = 9.3;
						TestTargetID = 11E84DF0208CD56A003A8F88;
					};
				};
			};
			buildConfigurationList = 11E84DEC208CD56A003A8F88 /* Build configuration list for PBXProject "MetaX" */;
			compatibilityVersion = "Xcode 9.3";
			developmentRegion = en;
			hasScannedForEncodings = 0;
			knownRegions = (
				en,
				Base,
				"zh-Hans",
				ja,
			);
			mainGroup = 11E84DE8208CD56A003A8F88;
			packageReferences = (
				56D07E1C2F30F014001405F2 /* XCRemoteSwiftPackageReference "SVProgressHUD" */,
				56D07E1D2F30F055001405F2 /* XCRemoteSwiftPackageReference "R.swift" */,
			);
			productRefGroup = 11E84DF2208CD56A003A8F88 /* Products */;
			projectDirPath = "";
			projectRoot = "";
			targets = (
				11E84DF0208CD56A003A8F88 /* MetaX */,
				11E84E04208CD56C003A8F88 /* MetaXTests */,
			);
		};
/* End PBXProject section */

/* Begin PBXResourcesBuildPhase section */
		11E84DEF208CD56A003A8F88 /* Resources */ = {
			isa = PBXResourcesBuildPhase;
			buildActionMask = 2147483647;
			files = (
				11E84E74208CDBE9003A8F88 /* InfoPlist.strings in Resources */,
				11E84E4D208CD635003A8F88 /* MetadataPlus.plist in Resources */,
				11E84E80208CDC62003A8F88 /* Localizable.strings in Resources */,
				11E84E62208CD635003A8F88 /* Assets.xcassets in Resources */,
			);
			runOnlyForDeploymentPostprocessing = 0;
		};
		11E84E03208CD56C003A8F88 /* Resources */ = {
			isa = PBXResourcesBuildPhase;
			buildActionMask = 2147483647;
			files = (
			);
			runOnlyForDeploymentPostprocessing = 0;
		};
/* End PBXResourcesBuildPhase section */

/* Begin PBXSourcesBuildPhase section */
		11E84DED208CD56A003A8F88 /* Sources */ = {
			isa = PBXSourcesBuildPhase;
			buildActionMask = 2147483647;
			files = (
				56D07E202F31000000000001 /* MetaXError.swift in Sources */,
				56D07E222F31000000000002 /* PhotoLibraryServiceProtocol.swift in Sources */,
				56D07E242F31000000000003 /* PhotoLibraryService.swift in Sources */,
				56D07E2A2F31000000000010 /* MetadataServiceProtocol.swift in Sources */,
				56D07E2C2F31000000000011 /* MetadataService.swift in Sources */,
				56D07E2E2F31000000000012 /* ImageSaveService.swift in Sources */,
				56D07E312F31000000000020 /* DetailInfoViewModel.swift in Sources */,
				56D07E352F31000000000023 /* AlbumViewModel.swift in Sources */,
				56D07E372F31000000000025 /* PhotoGridViewModel.swift in Sources */,
				56D07E392F31000000000027 /* LocationSearchViewModel.swift in Sources */,
				11E84E5C208CD635003A8F88 /* AppDelegate.swift in Sources */,
				56D07E3D2F31000000000030 /* SceneDelegate.swift in Sources */,
				11E84E4E208CD635003A8F88 /* DetailCellModel.swift in Sources */,
				11E84E40208CD635003A8F88 /* EditableButton.swift in Sources */,
				11E84E5F208CD635003A8F88 /* AlbumViewController.swift in Sources */,
				11E84E53208CD635003A8F88 /* LocationTableViewCell.swift in Sources */,
				11E84E58208CD635003A8F88 /* ZoomTransition.swift in Sources */,
				11E84E50208CD635003A8F88 /* DetailTableViewCell.swift in Sources */,
				11E84E56208CD635003A8F88 /* PhotoCollectionViewCell.swift in Sources */,
				11E84E45208CD635003A8F88 /* CLLocationExtension.swift in Sources */,
				11E84E4B208CD635003A8F88 /* DateFormatterExtension.swift in Sources */,
				11E84E5D208CD635003A8F88 /* DetailInfoViewController.swift in Sources */,
				11E84E52208CD635003A8F88 /* AlbumTableViewCell.swift in Sources */,
				11E84E59208CD635003A8F88 /* BaseTableViewDataSource.swift in Sources */,
				11E84E47208CD635003A8F88 /* PHPhotoLibraryExtension.swift in Sources */,
				11E84E42208CD635003A8F88 /* CellConfig.swift in Sources */,
				11E84E5E208CD635003A8F88 /* LocationSearchViewController.swift in Sources */,
				11E84E49208CD635003A8F88 /* StringExtension.swift in Sources */,
				11E84E48208CD635003A8F88 /* UIViewExtension.swift in Sources */,
				11E84E60208CD635003A8F88 /* PhotoGridViewController.swift in Sources */,
				11E84E55208CD635003A8F88 /* AuthLockView.swift in Sources */,
				11E84E61208CD635003A8F88 /* DetailDataPickerPopover.swift in Sources */,
				11E84E4C208CD635003A8F88 /* Metadata.swift in Sources */,
				11E84E43208CD635003A8F88 /* CellReusable.swift in Sources */,
				56D07E3B2F31000000000029 /* ViewModelObserving.swift in Sources */,
				11E84E4F208CD635003A8F88 /* LocationModel.swift in Sources */,
				11E84E46208CD635003A8F88 /* SVProgressHUDExtension.swift in Sources */,
				11E84E4A208CD635003A8F88 /* PHAssetCollectionExtension.swift in Sources */,
				11E84E54208CD635003A8F88 /* DetailSectionHeaderView.swift in Sources */,
				11E84E5B208CD635003A8F88 /* Rational.swift in Sources */,
			);
			runOnlyForDeploymentPostprocessing = 0;
		};
		11E84E01208CD56C003A8F88 /* Sources */ = {
			isa = PBXSourcesBuildPhase;
			buildActionMask = 2147483647;
			files = (
				11E84E0A208CD56C003A8F88 /* MetaXTests.swift in Sources */,
			);
			runOnlyForDeploymentPostprocessing = 0;
		};
/* End PBXSourcesBuildPhase section */

/* Begin PBXTargetDependency section */
		11E84E07208CD56C003A8F88 /* PBXTargetDependency */ = {
			isa = PBXTargetDependency;
			target = 11E84DF0208CD56A003A8F88 /* MetaX */;
			targetProxy = 11E84E06208CD56C003A8F88 /* PBXContainerItemProxy */;
		};
		56F001E72F30FA4D00C9F951 /* PBXTargetDependency */ = {
			isa = PBXTargetDependency;
			productRef = 56F001E62F30FA4D00C9F951 /* RswiftGenerateInternalResources */;
		};
/* End PBXTargetDependency section */

/* Begin PBXVariantGroup section */
		11E84E76208CDBE9003A8F88 /* InfoPlist.strings */ = {
			isa = PBXVariantGroup;
			children = (
				11E84E77208CDBFD003A8F88 /* zh-Hans */,
				11E84E78208CDC04003A8F88 /* ja */,
				448E7275208DA33D00D6F683 /* Base */,
			);
			name = InfoPlist.strings;
			sourceTree = "<group>";
		};
		11E84E7B208CDC1C003A8F88 /* Main.storyboard */ = {
			isa = PBXVariantGroup;
			children = (
				11E84E7A208CDC1C003A8F88 /* Base */,
				11E84E7D208CDC23003A8F88 /* zh-Hans */,
				11E84E7F208CDC25003A8F88 /* ja */,
			);
			name = Main.storyboard;
			sourceTree = "<group>";
		};
		11E84E82208CDC62003A8F88 /* Localizable.strings */ = {
			isa = PBXVariantGroup;
			children = (
				11E84E81208CDC62003A8F88 /* zh-Hans */,
				11E84E83208CDC6E003A8F88 /* Base */,
				11E84E84208CDC70003A8F88 /* ja */,
			);
			name = Localizable.strings;
			sourceTree = "<group>";
		};
/* End PBXVariantGroup section */

/* Begin XCBuildConfiguration section */
		11E84E0C208CD56C003A8F88 /* Debug */ = {
			isa = XCBuildConfiguration;
			buildSettings = {
				ALWAYS_SEARCH_USER_PATHS = NO;
				CLANG_ANALYZER_LOCALIZABILITY_NONLOCALIZED = YES;
				CLANG_ANALYZER_NONNULL = YES;
				CLANG_ANALYZER_NUMBER_OBJECT_CONVERSION = YES_AGGRESSIVE;
				CLANG_CXX_LANGUAGE_STANDARD = "gnu++14";
				CLANG_CXX_LIBRARY = "libc++";
				CLANG_ENABLE_MODULES = YES;
				CLANG_ENABLE_OBJC_ARC = YES;
				CLANG_ENABLE_OBJC_WEAK = YES;
				CLANG_WARN_BLOCK_CAPTURE_AUTORELEASING = YES;
				CLANG_WARN_BOOL_CONVERSION = YES;
				CLANG_WARN_COMMA = YES;
				CLANG_WARN_CONSTANT_CONVERSION = YES;
				CLANG_WARN_DEPRECATED_OBJC_IMPLEMENTATIONS = YES;
				CLANG_WARN_DIRECT_OBJC_ISA_USAGE = YES_ERROR;
				CLANG_WARN_DOCUMENTATION_COMMENTS = YES;
				CLANG_WARN_EMPTY_BODY = YES;
				CLANG_WARN_ENUM_CONVERSION = YES;
				CLANG_WARN_INFINITE_RECURSION = YES;
				CLANG_WARN_INT_CONVERSION = YES;
				CLANG_WARN_NON_LITERAL_NULL_CONVERSION = YES;
				CLANG_WARN_OBJC_IMPLICIT_RETAIN_SELF = YES;
				CLANG_WARN_OBJC_LITERAL_CONVERSION = YES;
				CLANG_WARN_OBJC_ROOT_CLASS = YES_ERROR;
				CLANG_WARN_RANGE_LOOP_ANALYSIS = YES;
				CLANG_WARN_STRICT_PROTOTYPES = YES;
				CLANG_WARN_SUSPICIOUS_MOVE = YES;
				CLANG_WARN_UNGUARDED_AVAILABILITY = YES_AGGRESSIVE;
				CLANG_WARN_UNREACHABLE_CODE = YES;
				CLANG_WARN__DUPLICATE_METHOD_MATCH = YES;
				CODE_SIGN_IDENTITY = "iPhone Developer";
				COPY_PHASE_STRIP = NO;
				DEBUG_INFORMATION_FORMAT = dwarf;
				ENABLE_STRICT_OBJC_MSGSEND = YES;
				ENABLE_TESTABILITY = YES;
				GCC_C_LANGUAGE_STANDARD = gnu11;
				GCC_DYNAMIC_NO_PIC = NO;
				GCC_NO_COMMON_BLOCKS = YES;
				GCC_OPTIMIZATION_LEVEL = 0;
				GCC_PREPROCESSOR_DEFINITIONS = (
					"DEBUG=1",
					"$(inherited)",
				);
				GCC_WARN_64_TO_32_BIT_CONVERSION = YES;
				GCC_WARN_ABOUT_RETURN_TYPE = YES_ERROR;
				GCC_WARN_UNDECLARED_SELECTOR = YES;
				GCC_WARN_UNINITIALIZED_AUTOS = YES_AGGRESSIVE;
				GCC_WARN_UNUSED_FUNCTION = YES;
				GCC_WARN_UNUSED_VARIABLE = YES;
				IPHONEOS_DEPLOYMENT_TARGET = 17.6;
				MTL_ENABLE_DEBUG_INFO = YES;
				ONLY_ACTIVE_ARCH = YES;
				SDKROOT = iphoneos;
				SWIFT_ACTIVE_COMPILATION_CONDITIONS = DEBUG;
				SWIFT_OPTIMIZATION_LEVEL = "-Onone";
			};
			name = Debug;
		};
		11E84E0D208CD56C003A8F88 /* Release */ = {
			isa = XCBuildConfiguration;
			buildSettings = {
				ALWAYS_SEARCH_USER_PATHS = NO;
				CLANG_ANALYZER_LOCALIZABILITY_NONLOCALIZED = YES;
				CLANG_ANALYZER_NONNULL = YES;
				CLANG_ANALYZER_NUMBER_OBJECT_CONVERSION = YES_AGGRESSIVE;
				CLANG_CXX_LANGUAGE_STANDARD = "gnu++14";
				CLANG_CXX_LIBRARY = "libc++";
				CLANG_ENABLE_MODULES = YES;
				CLANG_ENABLE_OBJC_ARC = YES;
				CLANG_ENABLE_OBJC_WEAK = YES;
				CLANG_WARN_BLOCK_CAPTURE_AUTORELEASING = YES;
				CLANG_WARN_BOOL_CONVERSION = YES;
				CLANG_WARN_COMMA = YES;
				CLANG_WARN_CONSTANT_CONVERSION = YES;
				CLANG_WARN_DEPRECATED_OBJC_IMPLEMENTATIONS = YES;
				CLANG_WARN_DIRECT_OBJC_ISA_USAGE = YES_ERROR;
				CLANG_WARN_DOCUMENTATION_COMMENTS = YES;
				CLANG_WARN_EMPTY_BODY = YES;
				CLANG_WARN_ENUM_CONVERSION = YES;
				CLANG_WARN_INFINITE_RECURSION = YES;
				CLANG_WARN_INT_CONVERSION = YES;
				CLANG_WARN_NON_LITERAL_NULL_CONVERSION = YES;
				CLANG_WARN_OBJC_IMPLICIT_RETAIN_SELF = YES;
				CLANG_WARN_OBJC_LITERAL_CONVERSION = YES;
				CLANG_WARN_OBJC_ROOT_CLASS = YES_ERROR;
				CLANG_WARN_RANGE_LOOP_ANALYSIS = YES;
				CLANG_WARN_STRICT_PROTOTYPES = YES;
				CLANG_WARN_SUSPICIOUS_MOVE = YES;
				CLANG_WARN_UNGUARDED_AVAILABILITY = YES_AGGRESSIVE;
				CLANG_WARN_UNREACHABLE_CODE = YES;
				CLANG_WARN__DUPLICATE_METHOD_MATCH = YES;
				CODE_SIGN_IDENTITY = "iPhone Developer";
				COPY_PHASE_STRIP = NO;
				DEBUG_INFORMATION_FORMAT = "dwarf-with-dsym";
				ENABLE_NS_ASSERTIONS = NO;
				ENABLE_STRICT_OBJC_MSGSEND = YES;
				GCC_C_LANGUAGE_STANDARD = gnu11;
				GCC_NO_COMMON_BLOCKS = YES;
				GCC_WARN_64_TO_32_BIT_CONVERSION = YES;
				GCC_WARN_ABOUT_RETURN_TYPE = YES_ERROR;
				GCC_WARN_UNDECLARED_SELECTOR = YES;
				GCC_WARN_UNINITIALIZED_AUTOS = YES_AGGRESSIVE;
				GCC_WARN_UNUSED_FUNCTION = YES;
				GCC_WARN_UNUSED_VARIABLE = YES;
				IPHONEOS_DEPLOYMENT_TARGET = 17.6;
				MTL_ENABLE_DEBUG_INFO = NO;
				SDKROOT = iphoneos;
				SWIFT_COMPILATION_MODE = wholemodule;
				SWIFT_OPTIMIZATION_LEVEL = "-O";
				VALIDATE_PRODUCT = YES;
			};
			name = Release;
		};
		11E84E0F208CD56C003A8F88 /* Debug */ = {
			isa = XCBuildConfiguration;
			buildSettings = {
				ASSETCATALOG_COMPILER_APPICON_NAME = AppIcon;
				CLANG_ENABLE_MODULES = YES;
				CODE_SIGN_IDENTITY = "iPhone Developer";
				CODE_SIGN_STYLE = Automatic;
				DEBUG_INFORMATION_FORMAT = "dwarf-with-dsym";
				DEVELOPMENT_TEAM = 285BYEPY9U;
				FRAMEWORK_SEARCH_PATHS = (
					"$(inherited)",
					"$(PROJECT_DIR)",
				);
				INFOPLIST_FILE = MetaX/Info.plist;
				INFOPLIST_KEY_LSApplicationCategoryType = "public.app-category.photography";
				IPHONEOS_DEPLOYMENT_TARGET = 17.6;
				LD_RUNPATH_SEARCH_PATHS = (
					"$(inherited)",
					"@executable_path/Frameworks",
				);
				PRODUCT_BUNDLE_IDENTIFIER = ckitakishi.com.MetaX;
				PRODUCT_NAME = "$(TARGET_NAME)";
				PROVISIONING_PROFILE = "";
				PROVISIONING_PROFILE_SPECIFIER = "";
				SUPPORTED_PLATFORMS = "iphoneos iphonesimulator";
				SUPPORTS_MACCATALYST = NO;
				SUPPORTS_MAC_DESIGNED_FOR_IPHONE_IPAD = NO;
				SUPPORTS_XR_DESIGNED_FOR_IPHONE_IPAD = NO;
				SWIFT_OBJC_BRIDGING_HEADER = "";
				SWIFT_OPTIMIZATION_LEVEL = "-Onone";
				SWIFT_VERSION = 5.0;
				TARGETED_DEVICE_FAMILY = "1,2";
			};
			name = Debug;
		};
		11E84E10208CD56C003A8F88 /* Release */ = {
			isa = XCBuildConfiguration;
			buildSettings = {
				ASSETCATALOG_COMPILER_APPICON_NAME = AppIcon;
				CLANG_ENABLE_MODULES = YES;
				CODE_SIGN_IDENTITY = "iPhone Developer";
				CODE_SIGN_STYLE = Automatic;
				DEVELOPMENT_TEAM = 285BYEPY9U;
				FRAMEWORK_SEARCH_PATHS = (
					"$(inherited)",
					"$(PROJECT_DIR)",
				);
				INFOPLIST_FILE = MetaX/Info.plist;
				INFOPLIST_KEY_LSApplicationCategoryType = "public.app-category.photography";
				IPHONEOS_DEPLOYMENT_TARGET = 17.6;
				LD_RUNPATH_SEARCH_PATHS = (
					"$(inherited)",
					"@executable_path/Frameworks",
				);
				PRODUCT_BUNDLE_IDENTIFIER = ckitakishi.com.MetaX;
				PRODUCT_NAME = "$(TARGET_NAME)";
				PROVISIONING_PROFILE = "";
				PROVISIONING_PROFILE_SPECIFIER = "";
				SUPPORTED_PLATFORMS = "iphoneos iphonesimulator";
				SUPPORTS_MACCATALYST = NO;
				SUPPORTS_MAC_DESIGNED_FOR_IPHONE_IPAD = NO;
				SUPPORTS_XR_DESIGNED_FOR_IPHONE_IPAD = NO;
				SWIFT_OBJC_BRIDGING_HEADER = "";
				SWIFT_VERSION = 5.0;
				TARGETED_DEVICE_FAMILY = "1,2";
			};
			name = Release;
		};
		11E84E12208CD56C003A8F88 /* Debug */ = {
			isa = XCBuildConfiguration;
			buildSettings = {
				ALWAYS_EMBED_SWIFT_STANDARD_LIBRARIES = YES;
				BUNDLE_LOADER = "$(TEST_HOST)";
				CODE_SIGN_STYLE = Automatic;
				DEVELOPMENT_TEAM = 285BYEPY9U;
				INFOPLIST_FILE = MetaXTests/Info.plist;
				LD_RUNPATH_SEARCH_PATHS = (
					"$(inherited)",
					"@executable_path/Frameworks",
					"@loader_path/Frameworks",
				);
				PRODUCT_BUNDLE_IDENTIFIER = ckitakishi.com.MetaXTests;
				PRODUCT_NAME = "$(TARGET_NAME)";
				SWIFT_VERSION = 5.0;
				TARGETED_DEVICE_FAMILY = "1,2";
				TEST_HOST = "$(BUILT_PRODUCTS_DIR)/MetaX.app/MetaX";
			};
			name = Debug;
		};
		11E84E13208CD56C003A8F88 /* Release */ = {
			isa = XCBuildConfiguration;
			buildSettings = {
				ALWAYS_EMBED_SWIFT_STANDARD_LIBRARIES = YES;
				BUNDLE_LOADER = "$(TEST_HOST)";
				CODE_SIGN_STYLE = Automatic;
				DEVELOPMENT_TEAM = 285BYEPY9U;
				INFOPLIST_FILE = MetaXTests/Info.plist;
				LD_RUNPATH_SEARCH_PATHS = (
					"$(inherited)",
					"@executable_path/Frameworks",
					"@loader_path/Frameworks",
				);
				PRODUCT_BUNDLE_IDENTIFIER = ckitakishi.com.MetaXTests;
				PRODUCT_NAME = "$(TARGET_NAME)";
				SWIFT_VERSION = 5.0;
				TARGETED_DEVICE_FAMILY = "1,2";
				TEST_HOST = "$(BUILT_PRODUCTS_DIR)/MetaX.app/MetaX";
			};
			name = Release;
		};
/* End XCBuildConfiguration section */

/* Begin XCConfigurationList section */
		11E84DEC208CD56A003A8F88 /* Build configuration list for PBXProject "MetaX" */ = {
			isa = XCConfigurationList;
			buildConfigurations = (
				11E84E0C208CD56C003A8F88 /* Debug */,
				11E84E0D208CD56C003A8F88 /* Release */,
			);
			defaultConfigurationIsVisible = 0;
			defaultConfigurationName = Release;
		};
		11E84E0E208CD56C003A8F88 /* Build configuration list for PBXNativeTarget "MetaX" */ = {
			isa = XCConfigurationList;
			buildConfigurations = (
				11E84E0F208CD56C003A8F88 /* Debug */,
				11E84E10208CD56C003A8F88 /* Release */,
			);
			defaultConfigurationIsVisible = 0;
			defaultConfigurationName = Release;
		};
		11E84E11208CD56C003A8F88 /* Build configuration list for PBXNativeTarget "MetaXTests" */ = {
			isa = XCConfigurationList;
			buildConfigurations = (
				11E84E12208CD56C003A8F88 /* Debug */,
				11E84E13208CD56C003A8F88 /* Release */,
			);
			defaultConfigurationIsVisible = 0;
			defaultConfigurationName = Release;
		};
/* End XCConfigurationList section */

/* Begin XCRemoteSwiftPackageReference section */
		56D07E1C2F30F014001405F2 /* XCRemoteSwiftPackageReference "SVProgressHUD" */ = {
			isa = XCRemoteSwiftPackageReference;
			repositoryURL = "https://github.com/SVProgressHUD/SVProgressHUD.git";
			requirement = {
				kind = upToNextMajorVersion;
				minimumVersion = 2.3.1;
			};
		};
		56D07E1D2F30F055001405F2 /* XCRemoteSwiftPackageReference "R.swift" */ = {
			isa = XCRemoteSwiftPackageReference;
			repositoryURL = "https://github.com/mac-cain13/R.swift.git";
			requirement = {
				kind = upToNextMajorVersion;
				minimumVersion = 7.8.0;
			};
		};
/* End XCRemoteSwiftPackageReference section */

/* Begin XCSwiftPackageProductDependency section */
		56F001B02F30F46100C9F951 /* SVProgressHUD */ = {
			isa = XCSwiftPackageProductDependency;
			package = 56D07E1C2F30F014001405F2 /* XCRemoteSwiftPackageReference "SVProgressHUD" */;
			productName = SVProgressHUD;
		};
		56F001B22F30F46100C9F951 /* RswiftLibrary */ = {
			isa = XCSwiftPackageProductDependency;
			package = 56D07E1D2F30F055001405F2 /* XCRemoteSwiftPackageReference "R.swift" */;
			productName = RswiftLibrary;
		};
		56F001B42F30F46E00C9F951 /* rswift */ = {
			isa = XCSwiftPackageProductDependency;
			package = 56D07E1D2F30F055001405F2 /* XCRemoteSwiftPackageReference "R.swift" */;
			productName = rswift;
		};
		56F001E62F30FA4D00C9F951 /* RswiftGenerateInternalResources */ = {
			isa = XCSwiftPackageProductDependency;
			package = 56D07E1D2F30F055001405F2 /* XCRemoteSwiftPackageReference "R.swift" */;
			productName = "plugin:RswiftGenerateInternalResources";
		};
/* End XCSwiftPackageProductDependency section */
	};
	rootObject = 11E84DE9208CD56A003A8F88 /* Project object */;
}
